// !$*UTF8*$!
{
	archiveVersion = 1;
	classes = {
	};
	objectVersion = 50;
	objects = {

/* Begin PBXBuildFile section */
		D22D6C6A2303FE5600DDA0E1 /* like.png in Resources */ = {isa = PBXBuildFile; fileRef = D22D6C492303FE5400DDA0E1 /* like.png */; };
		D22D6C6B2303FE5600DDA0E1 /* btn_bg_idea2.png in Resources */ = {isa = PBXBuildFile; fileRef = D22D6C4A2303FE5400DDA0E1 /* btn_bg_idea2.png */; };
		D22D6C6C2303FE5600DDA0E1 /* btnBgBorder.png in Resources */ = {isa = PBXBuildFile; fileRef = D22D6C4B2303FE5400DDA0E1 /* btnBgBorder.png */; };
		D22D6C6D2303FE5600DDA0E1 /* preference.png in Resources */ = {isa = PBXBuildFile; fileRef = D22D6C4C2303FE5400DDA0E1 /* preference.png */; };
		D22D6C6E2303FE5600DDA0E1 /* file_pic.png in Resources */ = {isa = PBXBuildFile; fileRef = D22D6C4D2303FE5400DDA0E1 /* file_pic.png */; };
		D22D6C6F2303FE5600DDA0E1 /* btn_idealist.png in Resources */ = {isa = PBXBuildFile; fileRef = D22D6C4E2303FE5500DDA0E1 /* btn_idealist.png */; };
		D22D6C702303FE5600DDA0E1 /* btn_createalert.png in Resources */ = {isa = PBXBuildFile; fileRef = D22D6C4F2303FE5500DDA0E1 /* btn_createalert.png */; };
		D22D6C712303FE5600DDA0E1 /* btn_bg_1.png in Resources */ = {isa = PBXBuildFile; fileRef = D22D6C502303FE5500DDA0E1 /* btn_bg_1.png */; };
		D22D6C722303FE5600DDA0E1 /* btn_bg_3.png in Resources */ = {isa = PBXBuildFile; fileRef = D22D6C512303FE5500DDA0E1 /* btn_bg_3.png */; };
		D22D6C732303FE5600DDA0E1 /* menu.png in Resources */ = {isa = PBXBuildFile; fileRef = D22D6C522303FE5500DDA0E1 /* menu.png */; };
		D22D6C742303FE5600DDA0E1 /* Shape.png in Resources */ = {isa = PBXBuildFile; fileRef = D22D6C532303FE5500DDA0E1 /* Shape.png */; };
		D22D6C752303FE5600DDA0E1 /* star_gray.png in Resources */ = {isa = PBXBuildFile; fileRef = D22D6C542303FE5500DDA0E1 /* star_gray.png */; };
		D22D6C762303FE5600DDA0E1 /* lamp.png in Resources */ = {isa = PBXBuildFile; fileRef = D22D6C552303FE5500DDA0E1 /* lamp.png */; };
		D22D6C772303FE5600DDA0E1 /* Home Icon.png in Resources */ = {isa = PBXBuildFile; fileRef = D22D6C562303FE5500DDA0E1 /* Home Icon.png */; };
		D22D6C782303FE5600DDA0E1 /* chat.png in Resources */ = {isa = PBXBuildFile; fileRef = D22D6C572303FE5500DDA0E1 /* chat.png */; };
		D22D6C792303FE5600DDA0E1 /* btn_createidea.png in Resources */ = {isa = PBXBuildFile; fileRef = D22D6C582303FE5500DDA0E1 /* btn_createidea.png */; };
		D22D6C7A2303FE5600DDA0E1 /* star.png in Resources */ = {isa = PBXBuildFile; fileRef = D22D6C592303FE5500DDA0E1 /* star.png */; };
		D22D6C7B2303FE5600DDA0E1 /* newsImageCut.jpg in Resources */ = {isa = PBXBuildFile; fileRef = D22D6C5A2303FE5500DDA0E1 /* newsImageCut.jpg */; };
		D22D6C7C2303FE5600DDA0E1 /* Userpic Icon.png in Resources */ = {isa = PBXBuildFile; fileRef = D22D6C5B2303FE5500DDA0E1 /* Userpic Icon.png */; };
		D22D6C7D2303FE5600DDA0E1 /* newspicRed.png in Resources */ = {isa = PBXBuildFile; fileRef = D22D6C5C2303FE5500DDA0E1 /* newspicRed.png */; };
		D22D6C7E2303FE5600DDA0E1 /* add.png in Resources */ = {isa = PBXBuildFile; fileRef = D22D6C5D2303FE5500DDA0E1 /* add.png */; };
		D22D6C7F2303FE5600DDA0E1 /* btn_bg_2.png in Resources */ = {isa = PBXBuildFile; fileRef = D22D6C5E2303FE5500DDA0E1 /* btn_bg_2.png */; };
		D22D6C802303FE5600DDA0E1 /* Clocks.png in Resources */ = {isa = PBXBuildFile; fileRef = D22D6C5F2303FE5500DDA0E1 /* Clocks.png */; };
		D22D6C812303FE5600DDA0E1 /* newsImage.jpg in Resources */ = {isa = PBXBuildFile; fileRef = D22D6C602303FE5500DDA0E1 /* newsImage.jpg */; };
		D22D6C822303FE5600DDA0E1 /* btn_bg_idea1.png in Resources */ = {isa = PBXBuildFile; fileRef = D22D6C612303FE5500DDA0E1 /* btn_bg_idea1.png */; };
		D22D6C832303FE5600DDA0E1 /* bg_slidem.png in Resources */ = {isa = PBXBuildFile; fileRef = D22D6C622303FE5500DDA0E1 /* bg_slidem.png */; };
		D22D6C842303FE5600DDA0E1 /* Clocks_b.png in Resources */ = {isa = PBXBuildFile; fileRef = D22D6C632303FE5500DDA0E1 /* Clocks_b.png */; };
		D22D6C852303FE5600DDA0E1 /* back.png in Resources */ = {isa = PBXBuildFile; fileRef = D22D6C642303FE5500DDA0E1 /* back.png */; };
		D22D6C872303FE5600DDA0E1 /* comments.png in Resources */ = {isa = PBXBuildFile; fileRef = D22D6C662303FE5600DDA0E1 /* comments.png */; };
		D22D6C882303FE5600DDA0E1 /* attantion.png in Resources */ = {isa = PBXBuildFile; fileRef = D22D6C672303FE5600DDA0E1 /* attantion.png */; };
		D22D6C892303FE5600DDA0E1 /* btnBgSolid.png in Resources */ = {isa = PBXBuildFile; fileRef = D22D6C682303FE5600DDA0E1 /* btnBgSolid.png */; };
		D22D6C8A2303FE5600DDA0E1 /* comments_a.png in Resources */ = {isa = PBXBuildFile; fileRef = D22D6C692303FE5600DDA0E1 /* comments_a.png */; };
		D22D6C8C2304106D00DDA0E1 /* AccountManager.swift in Sources */ = {isa = PBXBuildFile; fileRef = D22D6C8B2304106D00DDA0E1 /* AccountManager.swift */; };
		D22D6C98230415A700DDA0E1 /* NavigationExtensions.swift in Sources */ = {isa = PBXBuildFile; fileRef = D22D6C97230415A700DDA0E1 /* NavigationExtensions.swift */; };
		D22D6C9A2304162000DDA0E1 /* NewsViewController.swift in Sources */ = {isa = PBXBuildFile; fileRef = D22D6C992304162000DDA0E1 /* NewsViewController.swift */; };
		D22D6C9C230417BC00DDA0E1 /* SidebarLauncher.swift in Sources */ = {isa = PBXBuildFile; fileRef = D22D6C9B230417BC00DDA0E1 /* SidebarLauncher.swift */; };
		D22D6C9E2304181700DDA0E1 /* NavigationMenuViewController.swift in Sources */ = {isa = PBXBuildFile; fileRef = D22D6C9D2304181700DDA0E1 /* NavigationMenuViewController.swift */; };
		D22D6CA0230419DF00DDA0E1 /* IdeasViewController.swift in Sources */ = {isa = PBXBuildFile; fileRef = D22D6C9F230419DF00DDA0E1 /* IdeasViewController.swift */; };
		D22D6CA223041AB500DDA0E1 /* LoginViewController.swift in Sources */ = {isa = PBXBuildFile; fileRef = D22D6CA123041AB500DDA0E1 /* LoginViewController.swift */; };
		D22D6CA423042CB600DDA0E1 /* NewsViewCell.swift in Sources */ = {isa = PBXBuildFile; fileRef = D22D6CA323042CB600DDA0E1 /* NewsViewCell.swift */; };
		D22D6CA623042D4D00DDA0E1 /* AddIdeaViewController.swift in Sources */ = {isa = PBXBuildFile; fileRef = D22D6CA523042D4D00DDA0E1 /* AddIdeaViewController.swift */; };
		D22D6CA823083EA800DDA0E1 /* TypePickerView.swift in Sources */ = {isa = PBXBuildFile; fileRef = D22D6CA723083EA800DDA0E1 /* TypePickerView.swift */; };
		D22D6CAA23084F0F00DDA0E1 /* IdeaClaimMenuViewController.swift in Sources */ = {isa = PBXBuildFile; fileRef = D22D6CA923084F0F00DDA0E1 /* IdeaClaimMenuViewController.swift */; };
		D265D9B2232A92A70049EDC3 /* Kingfisher.framework in Frameworks */ = {isa = PBXBuildFile; fileRef = D265D9B1232A92A70049EDC3 /* Kingfisher.framework */; };
		D2730EA6230FFCD600714639 /* NewsDetailViewController.swift in Sources */ = {isa = PBXBuildFile; fileRef = D2730EA5230FFCD600714639 /* NewsDetailViewController.swift */; };
		D2730EA923100C1B00714639 /* barIconNewsNA.png in Resources */ = {isa = PBXBuildFile; fileRef = D2730EA723100C1B00714639 /* barIconNewsNA.png */; };
		D2730EAC23100C4D00714639 /* barIconNews.png in Resources */ = {isa = PBXBuildFile; fileRef = D2730EAB23100C4D00714639 /* barIconNews.png */; };
		D2730EAE23100F0500714639 /* star_blue.png in Resources */ = {isa = PBXBuildFile; fileRef = D2730EAD23100F0500714639 /* star_blue.png */; };
		D2730EB02310172F00714639 /* GetContentManager.swift in Sources */ = {isa = PBXBuildFile; fileRef = D2730EAF2310172F00714639 /* GetContentManager.swift */; };
		D274FD3A230304F500485D89 /* AppDelegate.swift in Sources */ = {isa = PBXBuildFile; fileRef = D274FD39230304F500485D89 /* AppDelegate.swift */; };
		D274FD3C230304F500485D89 /* ViewController.swift in Sources */ = {isa = PBXBuildFile; fileRef = D274FD3B230304F500485D89 /* ViewController.swift */; };
		D274FD3F230304F500485D89 /* Main.storyboard in Resources */ = {isa = PBXBuildFile; fileRef = D274FD3D230304F500485D89 /* Main.storyboard */; };
		D274FD41230304F600485D89 /* Assets.xcassets in Resources */ = {isa = PBXBuildFile; fileRef = D274FD40230304F600485D89 /* Assets.xcassets */; };
		D274FD44230304F600485D89 /* LaunchScreen.storyboard in Resources */ = {isa = PBXBuildFile; fileRef = D274FD42230304F600485D89 /* LaunchScreen.storyboard */; };
		D274FD4F230304F600485D89 /* LipOblRFAppTests.swift in Sources */ = {isa = PBXBuildFile; fileRef = D274FD4E230304F600485D89 /* LipOblRFAppTests.swift */; };
		D274FD5A230304F600485D89 /* LipOblRFAppUITests.swift in Sources */ = {isa = PBXBuildFile; fileRef = D274FD59230304F600485D89 /* LipOblRFAppUITests.swift */; };
		D2863CDE230DA90900393186 /* AlertController.swift in Sources */ = {isa = PBXBuildFile; fileRef = D2863CDD230DA90900393186 /* AlertController.swift */; };
		D2863CE0230DBF8700393186 /* SetContentManager.swift in Sources */ = {isa = PBXBuildFile; fileRef = D2863CDF230DBF8700393186 /* SetContentManager.swift */; };
		D2863CE2230DC08A00393186 /* APIVals.swift in Sources */ = {isa = PBXBuildFile; fileRef = D2863CE1230DC08A00393186 /* APIVals.swift */; };
		D2863CE4230EBD0300393186 /* RootViewController.swift in Sources */ = {isa = PBXBuildFile; fileRef = D2863CE3230EBD0300393186 /* RootViewController.swift */; };
		D2A9FAB5231260F300BC09CC /* IdeaViewCell.swift in Sources */ = {isa = PBXBuildFile; fileRef = D2A9FAB4231260F300BC09CC /* IdeaViewCell.swift */; };
		D2B6F4C52334AED600FD0D8A /* AddClaimViewController.swift in Sources */ = {isa = PBXBuildFile; fileRef = D2B6F4C42334AED600FD0D8A /* AddClaimViewController.swift */; };
		D2B6F4C72334FC8900FD0D8A /* news_bg.png in Resources */ = {isa = PBXBuildFile; fileRef = D2B6F4C62334FC8800FD0D8A /* news_bg.png */; };
		D2B6F4C92334FE6F00FD0D8A /* news_bg_bottom.png in Resources */ = {isa = PBXBuildFile; fileRef = D2B6F4C82334FE6F00FD0D8A /* news_bg_bottom.png */; };
		D2CC7307233BD1A60074D5A2 /* tab_btn_active_services.png in Resources */ = {isa = PBXBuildFile; fileRef = D2CC72FE233BD1A50074D5A2 /* tab_btn_active_services.png */; };
		D2CC7308233BD1A60074D5A2 /* lip_yellow.png in Resources */ = {isa = PBXBuildFile; fileRef = D2CC72FF233BD1A50074D5A2 /* lip_yellow.png */; };
		D2CC7309233BD1A60074D5A2 /* tab_btn_news.png in Resources */ = {isa = PBXBuildFile; fileRef = D2CC7300233BD1A50074D5A2 /* tab_btn_news.png */; };
		D2CC730A233BD1A60074D5A2 /* tab_btn_main.png in Resources */ = {isa = PBXBuildFile; fileRef = D2CC7301233BD1A50074D5A2 /* tab_btn_main.png */; };
		D2CC730B233BD1A60074D5A2 /* tab_btn_active_profile.png in Resources */ = {isa = PBXBuildFile; fileRef = D2CC7302233BD1A50074D5A2 /* tab_btn_active_profile.png */; };
		D2CC730C233BD1A60074D5A2 /* tab_btn_profile.png in Resources */ = {isa = PBXBuildFile; fileRef = D2CC7303233BD1A50074D5A2 /* tab_btn_profile.png */; };
		D2CC730D233BD1A60074D5A2 /* tab_btn_active_main.png in Resources */ = {isa = PBXBuildFile; fileRef = D2CC7304233BD1A60074D5A2 /* tab_btn_active_main.png */; };
		D2CC730E233BD1A60074D5A2 /* tab_btn_active_news.png in Resources */ = {isa = PBXBuildFile; fileRef = D2CC7305233BD1A60074D5A2 /* tab_btn_active_news.png */; };
		D2CC730F233BD1A60074D5A2 /* tab_btn_services.png in Resources */ = {isa = PBXBuildFile; fileRef = D2CC7306233BD1A60074D5A2 /* tab_btn_services.png */; };
		D2E4165F23394B37002C0327 /* lip_tree_light_stroke.png in Resources */ = {isa = PBXBuildFile; fileRef = D2E4165C23394B37002C0327 /* lip_tree_light_stroke.png */; };
		D2E4166023394B37002C0327 /* lip_tree_width_stroke.png in Resources */ = {isa = PBXBuildFile; fileRef = D2E4165D23394B37002C0327 /* lip_tree_width_stroke.png */; };
		D2E4166123394B37002C0327 /* tree_lip_image.png in Resources */ = {isa = PBXBuildFile; fileRef = D2E4165E23394B37002C0327 /* tree_lip_image.png */; };
/* End PBXBuildFile section */

/* Begin PBXContainerItemProxy section */
		D274FD4B230304F600485D89 /* PBXContainerItemProxy */ = {
			isa = PBXContainerItemProxy;
			containerPortal = D274FD2E230304F500485D89 /* Project object */;
			proxyType = 1;
			remoteGlobalIDString = D274FD35230304F500485D89;
			remoteInfo = LipOblRFApp;
		};
		D274FD56230304F600485D89 /* PBXContainerItemProxy */ = {
			isa = PBXContainerItemProxy;
			containerPortal = D274FD2E230304F500485D89 /* Project object */;
			proxyType = 1;
			remoteGlobalIDString = D274FD35230304F500485D89;
			remoteInfo = LipOblRFApp;
		};
/* End PBXContainerItemProxy section */

/* Begin PBXFileReference section */
		D22D6C492303FE5400DDA0E1 /* like.png */ = {isa = PBXFileReference; lastKnownFileType = image.png; path = like.png; sourceTree = "<group>"; };
		D22D6C4A2303FE5400DDA0E1 /* btn_bg_idea2.png */ = {isa = PBXFileReference; lastKnownFileType = image.png; path = btn_bg_idea2.png; sourceTree = "<group>"; };
		D22D6C4B2303FE5400DDA0E1 /* btnBgBorder.png */ = {isa = PBXFileReference; lastKnownFileType = image.png; path = btnBgBorder.png; sourceTree = "<group>"; };
		D22D6C4C2303FE5400DDA0E1 /* preference.png */ = {isa = PBXFileReference; lastKnownFileType = image.png; path = preference.png; sourceTree = "<group>"; };
		D22D6C4D2303FE5400DDA0E1 /* file_pic.png */ = {isa = PBXFileReference; lastKnownFileType = image.png; path = file_pic.png; sourceTree = "<group>"; };
		D22D6C4E2303FE5500DDA0E1 /* btn_idealist.png */ = {isa = PBXFileReference; lastKnownFileType = image.png; path = btn_idealist.png; sourceTree = "<group>"; };
		D22D6C4F2303FE5500DDA0E1 /* btn_createalert.png */ = {isa = PBXFileReference; lastKnownFileType = image.png; path = btn_createalert.png; sourceTree = "<group>"; };
		D22D6C502303FE5500DDA0E1 /* btn_bg_1.png */ = {isa = PBXFileReference; lastKnownFileType = image.png; path = btn_bg_1.png; sourceTree = "<group>"; };
		D22D6C512303FE5500DDA0E1 /* btn_bg_3.png */ = {isa = PBXFileReference; lastKnownFileType = image.png; path = btn_bg_3.png; sourceTree = "<group>"; };
		D22D6C522303FE5500DDA0E1 /* menu.png */ = {isa = PBXFileReference; lastKnownFileType = image.png; path = menu.png; sourceTree = "<group>"; };
		D22D6C532303FE5500DDA0E1 /* Shape.png */ = {isa = PBXFileReference; lastKnownFileType = image.png; path = Shape.png; sourceTree = "<group>"; };
		D22D6C542303FE5500DDA0E1 /* star_gray.png */ = {isa = PBXFileReference; lastKnownFileType = image.png; path = star_gray.png; sourceTree = "<group>"; };
		D22D6C552303FE5500DDA0E1 /* lamp.png */ = {isa = PBXFileReference; lastKnownFileType = image.png; path = lamp.png; sourceTree = "<group>"; };
		D22D6C562303FE5500DDA0E1 /* Home Icon.png */ = {isa = PBXFileReference; lastKnownFileType = image.png; path = "Home Icon.png"; sourceTree = "<group>"; };
		D22D6C572303FE5500DDA0E1 /* chat.png */ = {isa = PBXFileReference; lastKnownFileType = image.png; path = chat.png; sourceTree = "<group>"; };
		D22D6C582303FE5500DDA0E1 /* btn_createidea.png */ = {isa = PBXFileReference; lastKnownFileType = image.png; path = btn_createidea.png; sourceTree = "<group>"; };
		D22D6C592303FE5500DDA0E1 /* star.png */ = {isa = PBXFileReference; lastKnownFileType = image.png; path = star.png; sourceTree = "<group>"; };
		D22D6C5A2303FE5500DDA0E1 /* newsImageCut.jpg */ = {isa = PBXFileReference; lastKnownFileType = image.jpeg; path = newsImageCut.jpg; sourceTree = "<group>"; };
		D22D6C5B2303FE5500DDA0E1 /* Userpic Icon.png */ = {isa = PBXFileReference; lastKnownFileType = image.png; path = "Userpic Icon.png"; sourceTree = "<group>"; };
		D22D6C5C2303FE5500DDA0E1 /* newspicRed.png */ = {isa = PBXFileReference; lastKnownFileType = image.png; path = newspicRed.png; sourceTree = "<group>"; };
		D22D6C5D2303FE5500DDA0E1 /* add.png */ = {isa = PBXFileReference; lastKnownFileType = image.png; path = add.png; sourceTree = "<group>"; };
		D22D6C5E2303FE5500DDA0E1 /* btn_bg_2.png */ = {isa = PBXFileReference; lastKnownFileType = image.png; path = btn_bg_2.png; sourceTree = "<group>"; };
		D22D6C5F2303FE5500DDA0E1 /* Clocks.png */ = {isa = PBXFileReference; lastKnownFileType = image.png; path = Clocks.png; sourceTree = "<group>"; };
		D22D6C602303FE5500DDA0E1 /* newsImage.jpg */ = {isa = PBXFileReference; lastKnownFileType = image.jpeg; path = newsImage.jpg; sourceTree = "<group>"; };
		D22D6C612303FE5500DDA0E1 /* btn_bg_idea1.png */ = {isa = PBXFileReference; lastKnownFileType = image.png; path = btn_bg_idea1.png; sourceTree = "<group>"; };
		D22D6C622303FE5500DDA0E1 /* bg_slidem.png */ = {isa = PBXFileReference; lastKnownFileType = image.png; path = bg_slidem.png; sourceTree = "<group>"; };
		D22D6C632303FE5500DDA0E1 /* Clocks_b.png */ = {isa = PBXFileReference; lastKnownFileType = image.png; path = Clocks_b.png; sourceTree = "<group>"; };
		D22D6C642303FE5500DDA0E1 /* back.png */ = {isa = PBXFileReference; lastKnownFileType = image.png; path = back.png; sourceTree = "<group>"; };
		D22D6C662303FE5600DDA0E1 /* comments.png */ = {isa = PBXFileReference; lastKnownFileType = image.png; path = comments.png; sourceTree = "<group>"; };
		D22D6C672303FE5600DDA0E1 /* attantion.png */ = {isa = PBXFileReference; lastKnownFileType = image.png; path = attantion.png; sourceTree = "<group>"; };
		D22D6C682303FE5600DDA0E1 /* btnBgSolid.png */ = {isa = PBXFileReference; lastKnownFileType = image.png; path = btnBgSolid.png; sourceTree = "<group>"; };
		D22D6C692303FE5600DDA0E1 /* comments_a.png */ = {isa = PBXFileReference; lastKnownFileType = image.png; path = comments_a.png; sourceTree = "<group>"; };
		D22D6C8B2304106D00DDA0E1 /* AccountManager.swift */ = {isa = PBXFileReference; fileEncoding = 4; lastKnownFileType = sourcecode.swift; path = AccountManager.swift; sourceTree = "<group>"; };
		D22D6C97230415A700DDA0E1 /* NavigationExtensions.swift */ = {isa = PBXFileReference; lastKnownFileType = sourcecode.swift; path = NavigationExtensions.swift; sourceTree = "<group>"; };
		D22D6C992304162000DDA0E1 /* NewsViewController.swift */ = {isa = PBXFileReference; lastKnownFileType = sourcecode.swift; path = NewsViewController.swift; sourceTree = "<group>"; };
		D22D6C9B230417BC00DDA0E1 /* SidebarLauncher.swift */ = {isa = PBXFileReference; lastKnownFileType = sourcecode.swift; path = SidebarLauncher.swift; sourceTree = "<group>"; };
		D22D6C9D2304181700DDA0E1 /* NavigationMenuViewController.swift */ = {isa = PBXFileReference; lastKnownFileType = sourcecode.swift; path = NavigationMenuViewController.swift; sourceTree = "<group>"; };
		D22D6C9F230419DF00DDA0E1 /* IdeasViewController.swift */ = {isa = PBXFileReference; lastKnownFileType = sourcecode.swift; path = IdeasViewController.swift; sourceTree = "<group>"; };
		D22D6CA123041AB500DDA0E1 /* LoginViewController.swift */ = {isa = PBXFileReference; lastKnownFileType = sourcecode.swift; path = LoginViewController.swift; sourceTree = "<group>"; };
		D22D6CA323042CB600DDA0E1 /* NewsViewCell.swift */ = {isa = PBXFileReference; lastKnownFileType = sourcecode.swift; path = NewsViewCell.swift; sourceTree = "<group>"; };
		D22D6CA523042D4D00DDA0E1 /* AddIdeaViewController.swift */ = {isa = PBXFileReference; lastKnownFileType = sourcecode.swift; path = AddIdeaViewController.swift; sourceTree = "<group>"; };
		D22D6CA723083EA800DDA0E1 /* TypePickerView.swift */ = {isa = PBXFileReference; lastKnownFileType = sourcecode.swift; path = TypePickerView.swift; sourceTree = "<group>"; };
		D22D6CA923084F0F00DDA0E1 /* IdeaClaimMenuViewController.swift */ = {isa = PBXFileReference; lastKnownFileType = sourcecode.swift; path = IdeaClaimMenuViewController.swift; sourceTree = "<group>"; };
		D24D22A0232A8B3D0025CB39 /* Checkouts */ = {isa = PBXFileReference; lastKnownFileType = folder; name = Checkouts; path = Carthage/Checkouts; sourceTree = "<group>"; };
		D265D9B1232A92A70049EDC3 /* Kingfisher.framework */ = {isa = PBXFileReference; lastKnownFileType = wrapper.framework; name = Kingfisher.framework; path = Carthage/Build/iOS/Kingfisher.framework; sourceTree = "<group>"; };
		D2730EA5230FFCD600714639 /* NewsDetailViewController.swift */ = {isa = PBXFileReference; lastKnownFileType = sourcecode.swift; path = NewsDetailViewController.swift; sourceTree = "<group>"; };
		D2730EA723100C1B00714639 /* barIconNewsNA.png */ = {isa = PBXFileReference; lastKnownFileType = image.png; path = barIconNewsNA.png; sourceTree = "<group>"; };
		D2730EAB23100C4D00714639 /* barIconNews.png */ = {isa = PBXFileReference; lastKnownFileType = image.png; path = barIconNews.png; sourceTree = "<group>"; };
		D2730EAD23100F0500714639 /* star_blue.png */ = {isa = PBXFileReference; lastKnownFileType = image.png; path = star_blue.png; sourceTree = "<group>"; };
		D2730EAF2310172F00714639 /* GetContentManager.swift */ = {isa = PBXFileReference; lastKnownFileType = sourcecode.swift; path = GetContentManager.swift; sourceTree = "<group>"; };
		D274FD36230304F500485D89 /* LipOblRFApp.app */ = {isa = PBXFileReference; explicitFileType = wrapper.application; includeInIndex = 0; path = LipOblRFApp.app; sourceTree = BUILT_PRODUCTS_DIR; };
		D274FD39230304F500485D89 /* AppDelegate.swift */ = {isa = PBXFileReference; lastKnownFileType = sourcecode.swift; path = AppDelegate.swift; sourceTree = "<group>"; };
		D274FD3B230304F500485D89 /* ViewController.swift */ = {isa = PBXFileReference; lastKnownFileType = sourcecode.swift; path = ViewController.swift; sourceTree = "<group>"; };
		D274FD3E230304F500485D89 /* Base */ = {isa = PBXFileReference; lastKnownFileType = file.storyboard; name = Base; path = Base.lproj/Main.storyboard; sourceTree = "<group>"; };
		D274FD40230304F600485D89 /* Assets.xcassets */ = {isa = PBXFileReference; lastKnownFileType = folder.assetcatalog; path = Assets.xcassets; sourceTree = "<group>"; };
		D274FD43230304F600485D89 /* Base */ = {isa = PBXFileReference; lastKnownFileType = file.storyboard; name = Base; path = Base.lproj/LaunchScreen.storyboard; sourceTree = "<group>"; };
		D274FD45230304F600485D89 /* Info.plist */ = {isa = PBXFileReference; lastKnownFileType = text.plist.xml; path = Info.plist; sourceTree = "<group>"; };
		D274FD4A230304F600485D89 /* LipOblRFAppTests.xctest */ = {isa = PBXFileReference; explicitFileType = wrapper.cfbundle; includeInIndex = 0; path = LipOblRFAppTests.xctest; sourceTree = BUILT_PRODUCTS_DIR; };
		D274FD4E230304F600485D89 /* LipOblRFAppTests.swift */ = {isa = PBXFileReference; lastKnownFileType = sourcecode.swift; path = LipOblRFAppTests.swift; sourceTree = "<group>"; };
		D274FD50230304F600485D89 /* Info.plist */ = {isa = PBXFileReference; lastKnownFileType = text.plist.xml; path = Info.plist; sourceTree = "<group>"; };
		D274FD55230304F600485D89 /* LipOblRFAppUITests.xctest */ = {isa = PBXFileReference; explicitFileType = wrapper.cfbundle; includeInIndex = 0; path = LipOblRFAppUITests.xctest; sourceTree = BUILT_PRODUCTS_DIR; };
		D274FD59230304F600485D89 /* LipOblRFAppUITests.swift */ = {isa = PBXFileReference; lastKnownFileType = sourcecode.swift; path = LipOblRFAppUITests.swift; sourceTree = "<group>"; };
		D274FD5B230304F600485D89 /* Info.plist */ = {isa = PBXFileReference; lastKnownFileType = text.plist.xml; path = Info.plist; sourceTree = "<group>"; };
		D2863CDD230DA90900393186 /* AlertController.swift */ = {isa = PBXFileReference; lastKnownFileType = sourcecode.swift; path = AlertController.swift; sourceTree = "<group>"; };
		D2863CDF230DBF8700393186 /* SetContentManager.swift */ = {isa = PBXFileReference; lastKnownFileType = sourcecode.swift; path = SetContentManager.swift; sourceTree = "<group>"; };
		D2863CE1230DC08A00393186 /* APIVals.swift */ = {isa = PBXFileReference; lastKnownFileType = sourcecode.swift; path = APIVals.swift; sourceTree = "<group>"; };
		D2863CE3230EBD0300393186 /* RootViewController.swift */ = {isa = PBXFileReference; lastKnownFileType = sourcecode.swift; path = RootViewController.swift; sourceTree = "<group>"; };
		D2A9FAB4231260F300BC09CC /* IdeaViewCell.swift */ = {isa = PBXFileReference; lastKnownFileType = sourcecode.swift; path = IdeaViewCell.swift; sourceTree = "<group>"; };
		D2B6F4C42334AED600FD0D8A /* AddClaimViewController.swift */ = {isa = PBXFileReference; lastKnownFileType = sourcecode.swift; path = AddClaimViewController.swift; sourceTree = "<group>"; };
		D2B6F4C62334FC8800FD0D8A /* news_bg.png */ = {isa = PBXFileReference; lastKnownFileType = image.png; path = news_bg.png; sourceTree = "<group>"; };
		D2B6F4C82334FE6F00FD0D8A /* news_bg_bottom.png */ = {isa = PBXFileReference; lastKnownFileType = image.png; path = news_bg_bottom.png; sourceTree = "<group>"; };
		D2CC72FE233BD1A50074D5A2 /* tab_btn_active_services.png */ = {isa = PBXFileReference; lastKnownFileType = image.png; path = tab_btn_active_services.png; sourceTree = "<group>"; };
		D2CC72FF233BD1A50074D5A2 /* lip_yellow.png */ = {isa = PBXFileReference; lastKnownFileType = image.png; path = lip_yellow.png; sourceTree = "<group>"; };
		D2CC7300233BD1A50074D5A2 /* tab_btn_news.png */ = {isa = PBXFileReference; lastKnownFileType = image.png; path = tab_btn_news.png; sourceTree = "<group>"; };
		D2CC7301233BD1A50074D5A2 /* tab_btn_main.png */ = {isa = PBXFileReference; lastKnownFileType = image.png; path = tab_btn_main.png; sourceTree = "<group>"; };
		D2CC7302233BD1A50074D5A2 /* tab_btn_active_profile.png */ = {isa = PBXFileReference; lastKnownFileType = image.png; path = tab_btn_active_profile.png; sourceTree = "<group>"; };
		D2CC7303233BD1A50074D5A2 /* tab_btn_profile.png */ = {isa = PBXFileReference; lastKnownFileType = image.png; path = tab_btn_profile.png; sourceTree = "<group>"; };
		D2CC7304233BD1A60074D5A2 /* tab_btn_active_main.png */ = {isa = PBXFileReference; lastKnownFileType = image.png; path = tab_btn_active_main.png; sourceTree = "<group>"; };
		D2CC7305233BD1A60074D5A2 /* tab_btn_active_news.png */ = {isa = PBXFileReference; lastKnownFileType = image.png; path = tab_btn_active_news.png; sourceTree = "<group>"; };
		D2CC7306233BD1A60074D5A2 /* tab_btn_services.png */ = {isa = PBXFileReference; lastKnownFileType = image.png; path = tab_btn_services.png; sourceTree = "<group>"; };
		D2E4165C23394B37002C0327 /* lip_tree_light_stroke.png */ = {isa = PBXFileReference; lastKnownFileType = image.png; path = lip_tree_light_stroke.png; sourceTree = "<group>"; };
		D2E4165D23394B37002C0327 /* lip_tree_width_stroke.png */ = {isa = PBXFileReference; lastKnownFileType = image.png; path = lip_tree_width_stroke.png; sourceTree = "<group>"; };
		D2E4165E23394B37002C0327 /* tree_lip_image.png */ = {isa = PBXFileReference; lastKnownFileType = image.png; path = tree_lip_image.png; sourceTree = "<group>"; };
/* End PBXFileReference section */

/* Begin PBXFrameworksBuildPhase section */
		D274FD33230304F500485D89 /* Frameworks */ = {
			isa = PBXFrameworksBuildPhase;
			buildActionMask = 2147483647;
			files = (
				D265D9B2232A92A70049EDC3 /* Kingfisher.framework in Frameworks */,
			);
			runOnlyForDeploymentPostprocessing = 0;
		};
		D274FD47230304F600485D89 /* Frameworks */ = {
			isa = PBXFrameworksBuildPhase;
			buildActionMask = 2147483647;
			files = (
			);
			runOnlyForDeploymentPostprocessing = 0;
		};
		D274FD52230304F600485D89 /* Frameworks */ = {
			isa = PBXFrameworksBuildPhase;
			buildActionMask = 2147483647;
			files = (
			);
			runOnlyForDeploymentPostprocessing = 0;
		};
/* End PBXFrameworksBuildPhase section */

/* Begin PBXGroup section */
		D22D6C032303FB6500DDA0E1 /* pics */ = {
			isa = PBXGroup;
			children = (
				D2730EAD23100F0500714639 /* star_blue.png */,
				D2B6F4C82334FE6F00FD0D8A /* news_bg_bottom.png */,
				D2730EAB23100C4D00714639 /* barIconNews.png */,
				D2730EA723100C1B00714639 /* barIconNewsNA.png */,
				D2E4165C23394B37002C0327 /* lip_tree_light_stroke.png */,
				D2CC72FF233BD1A50074D5A2 /* lip_yellow.png */,
				D2CC7304233BD1A60074D5A2 /* tab_btn_active_main.png */,
				D2CC7305233BD1A60074D5A2 /* tab_btn_active_news.png */,
				D2CC7302233BD1A50074D5A2 /* tab_btn_active_profile.png */,
				D2CC72FE233BD1A50074D5A2 /* tab_btn_active_services.png */,
				D2CC7301233BD1A50074D5A2 /* tab_btn_main.png */,
				D2CC7300233BD1A50074D5A2 /* tab_btn_news.png */,
				D2CC7303233BD1A50074D5A2 /* tab_btn_profile.png */,
				D2CC7306233BD1A60074D5A2 /* tab_btn_services.png */,
				D2E4165D23394B37002C0327 /* lip_tree_width_stroke.png */,
				D2E4165E23394B37002C0327 /* tree_lip_image.png */,
				D22D6C5D2303FE5500DDA0E1 /* add.png */,
				D22D6C672303FE5600DDA0E1 /* attantion.png */,
				D2B6F4C62334FC8800FD0D8A /* news_bg.png */,
				D22D6C642303FE5500DDA0E1 /* back.png */,
				D22D6C622303FE5500DDA0E1 /* bg_slidem.png */,
				D22D6C502303FE5500DDA0E1 /* btn_bg_1.png */,
				D22D6C5E2303FE5500DDA0E1 /* btn_bg_2.png */,
				D22D6C512303FE5500DDA0E1 /* btn_bg_3.png */,
				D22D6C612303FE5500DDA0E1 /* btn_bg_idea1.png */,
				D22D6C4A2303FE5400DDA0E1 /* btn_bg_idea2.png */,
				D22D6C4F2303FE5500DDA0E1 /* btn_createalert.png */,
				D22D6C582303FE5500DDA0E1 /* btn_createidea.png */,
				D22D6C4E2303FE5500DDA0E1 /* btn_idealist.png */,
				D22D6C4B2303FE5400DDA0E1 /* btnBgBorder.png */,
				D22D6C682303FE5600DDA0E1 /* btnBgSolid.png */,
				D22D6C572303FE5500DDA0E1 /* chat.png */,
				D22D6C632303FE5500DDA0E1 /* Clocks_b.png */,
				D22D6C5F2303FE5500DDA0E1 /* Clocks.png */,
				D22D6C692303FE5600DDA0E1 /* comments_a.png */,
				D22D6C662303FE5600DDA0E1 /* comments.png */,
				D22D6C4D2303FE5400DDA0E1 /* file_pic.png */,
				D22D6C562303FE5500DDA0E1 /* Home Icon.png */,
				D22D6C552303FE5500DDA0E1 /* lamp.png */,
				D22D6C492303FE5400DDA0E1 /* like.png */,
				D22D6C522303FE5500DDA0E1 /* menu.png */,
				D22D6C602303FE5500DDA0E1 /* newsImage.jpg */,
				D22D6C5A2303FE5500DDA0E1 /* newsImageCut.jpg */,
				D22D6C5C2303FE5500DDA0E1 /* newspicRed.png */,
				D22D6C4C2303FE5400DDA0E1 /* preference.png */,
				D22D6C532303FE5500DDA0E1 /* Shape.png */,
				D22D6C542303FE5500DDA0E1 /* star_gray.png */,
				D22D6C592303FE5500DDA0E1 /* star.png */,
				D22D6C5B2303FE5500DDA0E1 /* Userpic Icon.png */,
			);
			path = pics;
			sourceTree = "<group>";
		};
		D22D6C042303FB8900DDA0E1 /* Model */ = {
			isa = PBXGroup;
			children = (
				D22D6C8B2304106D00DDA0E1 /* AccountManager.swift */,
				D2863CDF230DBF8700393186 /* SetContentManager.swift */,
				D2730EAF2310172F00714639 /* GetContentManager.swift */,
				D2863CE1230DC08A00393186 /* APIVals.swift */,
			);
			path = Model;
			sourceTree = "<group>";
		};
		D22D6C052303FB9100DDA0E1 /* Controllers */ = {
			isa = PBXGroup;
			children = (
				D2863CE3230EBD0300393186 /* RootViewController.swift */,
				D22D6C97230415A700DDA0E1 /* NavigationExtensions.swift */,
				D22D6C992304162000DDA0E1 /* NewsViewController.swift */,
				D2730EA5230FFCD600714639 /* NewsDetailViewController.swift */,
				D22D6C9B230417BC00DDA0E1 /* SidebarLauncher.swift */,
				D22D6C9D2304181700DDA0E1 /* NavigationMenuViewController.swift */,
				D22D6C9F230419DF00DDA0E1 /* IdeasViewController.swift */,
				D22D6CA123041AB500DDA0E1 /* LoginViewController.swift */,
				D22D6CA523042D4D00DDA0E1 /* AddIdeaViewController.swift */,
				D2B6F4C42334AED600FD0D8A /* AddClaimViewController.swift */,
				D22D6CA923084F0F00DDA0E1 /* IdeaClaimMenuViewController.swift */,
				D2863CDD230DA90900393186 /* AlertController.swift */,
			);
			path = Controllers;
			sourceTree = "<group>";
		};
		D22D6C062303FB9E00DDA0E1 /* View */ = {
			isa = PBXGroup;
			children = (
				D22D6CA323042CB600DDA0E1 /* NewsViewCell.swift */,
				D22D6CA723083EA800DDA0E1 /* TypePickerView.swift */,
				D2A9FAB4231260F300BC09CC /* IdeaViewCell.swift */,
			);
			path = View;
			sourceTree = "<group>";
		};
		D24D229F232A8B3D0025CB39 /* Frameworks */ = {
			isa = PBXGroup;
			children = (
				D265D9B1232A92A70049EDC3 /* Kingfisher.framework */,
				D24D22A0232A8B3D0025CB39 /* Checkouts */,
			);
			name = Frameworks;
			sourceTree = "<group>";
		};
		D274FD2D230304F500485D89 = {
			isa = PBXGroup;
			children = (
				D274FD38230304F500485D89 /* LipOblRFApp */,
				D274FD4D230304F600485D89 /* LipOblRFAppTests */,
				D274FD58230304F600485D89 /* LipOblRFAppUITests */,
				D274FD37230304F500485D89 /* Products */,
				D24D229F232A8B3D0025CB39 /* Frameworks */,
			);
			sourceTree = "<group>";
		};
		D274FD37230304F500485D89 /* Products */ = {
			isa = PBXGroup;
			children = (
				D274FD36230304F500485D89 /* LipOblRFApp.app */,
				D274FD4A230304F600485D89 /* LipOblRFAppTests.xctest */,
				D274FD55230304F600485D89 /* LipOblRFAppUITests.xctest */,
			);
			name = Products;
			sourceTree = "<group>";
		};
		D274FD38230304F500485D89 /* LipOblRFApp */ = {
			isa = PBXGroup;
			children = (
				D22D6C062303FB9E00DDA0E1 /* View */,
				D22D6C052303FB9100DDA0E1 /* Controllers */,
				D22D6C042303FB8900DDA0E1 /* Model */,
				D22D6C032303FB6500DDA0E1 /* pics */,
				D274FD39230304F500485D89 /* AppDelegate.swift */,
				D274FD3B230304F500485D89 /* ViewController.swift */,
				D274FD3D230304F500485D89 /* Main.storyboard */,
				D274FD40230304F600485D89 /* Assets.xcassets */,
				D274FD42230304F600485D89 /* LaunchScreen.storyboard */,
				D274FD45230304F600485D89 /* Info.plist */,
			);
			path = LipOblRFApp;
			sourceTree = "<group>";
		};
		D274FD4D230304F600485D89 /* LipOblRFAppTests */ = {
			isa = PBXGroup;
			children = (
				D274FD4E230304F600485D89 /* LipOblRFAppTests.swift */,
				D274FD50230304F600485D89 /* Info.plist */,
			);
			path = LipOblRFAppTests;
			sourceTree = "<group>";
		};
		D274FD58230304F600485D89 /* LipOblRFAppUITests */ = {
			isa = PBXGroup;
			children = (
				D274FD59230304F600485D89 /* LipOblRFAppUITests.swift */,
				D274FD5B230304F600485D89 /* Info.plist */,
			);
			path = LipOblRFAppUITests;
			sourceTree = "<group>";
		};
/* End PBXGroup section */

/* Begin PBXNativeTarget section */
		D274FD35230304F500485D89 /* LipOblRFApp */ = {
			isa = PBXNativeTarget;
			buildConfigurationList = D274FD5E230304F600485D89 /* Build configuration list for PBXNativeTarget "LipOblRFApp" */;
			buildPhases = (
				D274FD32230304F500485D89 /* Sources */,
				D274FD33230304F500485D89 /* Frameworks */,
				D274FD34230304F500485D89 /* Resources */,
				D2B749AE232A9403008FC437 /* ShellScript */,
			);
			buildRules = (
			);
			dependencies = (
			);
			name = LipOblRFApp;
			productName = LipOblRFApp;
			productReference = D274FD36230304F500485D89 /* LipOblRFApp.app */;
			productType = "com.apple.product-type.application";
		};
		D274FD49230304F600485D89 /* LipOblRFAppTests */ = {
			isa = PBXNativeTarget;
			buildConfigurationList = D274FD61230304F600485D89 /* Build configuration list for PBXNativeTarget "LipOblRFAppTests" */;
			buildPhases = (
				D274FD46230304F600485D89 /* Sources */,
				D274FD47230304F600485D89 /* Frameworks */,
				D274FD48230304F600485D89 /* Resources */,
			);
			buildRules = (
			);
			dependencies = (
				D274FD4C230304F600485D89 /* PBXTargetDependency */,
			);
			name = LipOblRFAppTests;
			productName = LipOblRFAppTests;
			productReference = D274FD4A230304F600485D89 /* LipOblRFAppTests.xctest */;
			productType = "com.apple.product-type.bundle.unit-test";
		};
		D274FD54230304F600485D89 /* LipOblRFAppUITests */ = {
			isa = PBXNativeTarget;
			buildConfigurationList = D274FD64230304F600485D89 /* Build configuration list for PBXNativeTarget "LipOblRFAppUITests" */;
			buildPhases = (
				D274FD51230304F600485D89 /* Sources */,
				D274FD52230304F600485D89 /* Frameworks */,
				D274FD53230304F600485D89 /* Resources */,
			);
			buildRules = (
			);
			dependencies = (
				D274FD57230304F600485D89 /* PBXTargetDependency */,
			);
			name = LipOblRFAppUITests;
			productName = LipOblRFAppUITests;
			productReference = D274FD55230304F600485D89 /* LipOblRFAppUITests.xctest */;
			productType = "com.apple.product-type.bundle.ui-testing";
		};
/* End PBXNativeTarget section */

/* Begin PBXProject section */
		D274FD2E230304F500485D89 /* Project object */ = {
			isa = PBXProject;
			attributes = {
				LastSwiftUpdateCheck = 1030;
				LastUpgradeCheck = 1030;
				ORGANIZATIONNAME = "Viatcheslav Avdeev";
				TargetAttributes = {
					D274FD35230304F500485D89 = {
						CreatedOnToolsVersion = 10.3;
					};
					D274FD49230304F600485D89 = {
						CreatedOnToolsVersion = 10.3;
						TestTargetID = D274FD35230304F500485D89;
					};
					D274FD54230304F600485D89 = {
						CreatedOnToolsVersion = 10.3;
						TestTargetID = D274FD35230304F500485D89;
					};
				};
			};
			buildConfigurationList = D274FD31230304F500485D89 /* Build configuration list for PBXProject "LipOblRFApp" */;
			compatibilityVersion = "Xcode 9.3";
			developmentRegion = en;
			hasScannedForEncodings = 0;
			knownRegions = (
				en,
				Base,
			);
			mainGroup = D274FD2D230304F500485D89;
			productRefGroup = D274FD37230304F500485D89 /* Products */;
			projectDirPath = "";
			projectRoot = "";
			targets = (
				D274FD35230304F500485D89 /* LipOblRFApp */,
				D274FD49230304F600485D89 /* LipOblRFAppTests */,
				D274FD54230304F600485D89 /* LipOblRFAppUITests */,
			);
		};
/* End PBXProject section */

/* Begin PBXResourcesBuildPhase section */
		D274FD34230304F500485D89 /* Resources */ = {
			isa = PBXResourcesBuildPhase;
			buildActionMask = 2147483647;
			files = (
				D22D6C882303FE5600DDA0E1 /* attantion.png in Resources */,
				D22D6C832303FE5600DDA0E1 /* bg_slidem.png in Resources */,
				D2CC730B233BD1A60074D5A2 /* tab_btn_active_profile.png in Resources */,
				D2CC7308233BD1A60074D5A2 /* lip_yellow.png in Resources */,
				D2CC7309233BD1A60074D5A2 /* tab_btn_news.png in Resources */,
				D2CC730C233BD1A60074D5A2 /* tab_btn_profile.png in Resources */,
				D22D6C7B2303FE5600DDA0E1 /* newsImageCut.jpg in Resources */,
				D22D6C8A2303FE5600DDA0E1 /* comments_a.png in Resources */,
				D2B6F4C72334FC8900FD0D8A /* news_bg.png in Resources */,
				D22D6C6A2303FE5600DDA0E1 /* like.png in Resources */,
				D2730EAC23100C4D00714639 /* barIconNews.png in Resources */,
				D2CC730A233BD1A60074D5A2 /* tab_btn_main.png in Resources */,
				D22D6C7A2303FE5600DDA0E1 /* star.png in Resources */,
				D22D6C7E2303FE5600DDA0E1 /* add.png in Resources */,
				D22D6C712303FE5600DDA0E1 /* btn_bg_1.png in Resources */,
				D22D6C6D2303FE5600DDA0E1 /* preference.png in Resources */,
				D2CC730F233BD1A60074D5A2 /* tab_btn_services.png in Resources */,
				D22D6C822303FE5600DDA0E1 /* btn_bg_idea1.png in Resources */,
				D22D6C732303FE5600DDA0E1 /* menu.png in Resources */,
				D22D6C6F2303FE5600DDA0E1 /* btn_idealist.png in Resources */,
				D2E4165F23394B37002C0327 /* lip_tree_light_stroke.png in Resources */,
				D2B6F4C92334FE6F00FD0D8A /* news_bg_bottom.png in Resources */,
				D22D6C772303FE5600DDA0E1 /* Home Icon.png in Resources */,
				D22D6C762303FE5600DDA0E1 /* lamp.png in Resources */,
				D22D6C6E2303FE5600DDA0E1 /* file_pic.png in Resources */,
				D22D6C722303FE5600DDA0E1 /* btn_bg_3.png in Resources */,
				D22D6C802303FE5600DDA0E1 /* Clocks.png in Resources */,
				D22D6C6C2303FE5600DDA0E1 /* btnBgBorder.png in Resources */,
				D2CC7307233BD1A60074D5A2 /* tab_btn_active_services.png in Resources */,
				D22D6C6B2303FE5600DDA0E1 /* btn_bg_idea2.png in Resources */,
				D22D6C782303FE5600DDA0E1 /* chat.png in Resources */,
				D22D6C752303FE5600DDA0E1 /* star_gray.png in Resources */,
				D2730EA923100C1B00714639 /* barIconNewsNA.png in Resources */,
				D274FD44230304F600485D89 /* LaunchScreen.storyboard in Resources */,
				D274FD41230304F600485D89 /* Assets.xcassets in Resources */,
				D22D6C892303FE5600DDA0E1 /* btnBgSolid.png in Resources */,
				D22D6C792303FE5600DDA0E1 /* btn_createidea.png in Resources */,
				D22D6C742303FE5600DDA0E1 /* Shape.png in Resources */,
				D22D6C872303FE5600DDA0E1 /* comments.png in Resources */,
				D274FD3F230304F500485D89 /* Main.storyboard in Resources */,
				D22D6C702303FE5600DDA0E1 /* btn_createalert.png in Resources */,
				D2E4166123394B37002C0327 /* tree_lip_image.png in Resources */,
				D2730EAE23100F0500714639 /* star_blue.png in Resources */,
				D22D6C7C2303FE5600DDA0E1 /* Userpic Icon.png in Resources */,
				D22D6C7D2303FE5600DDA0E1 /* newspicRed.png in Resources */,
				D22D6C852303FE5600DDA0E1 /* back.png in Resources */,
				D2CC730E233BD1A60074D5A2 /* tab_btn_active_news.png in Resources */,
				D2CC730D233BD1A60074D5A2 /* tab_btn_active_main.png in Resources */,
				D2E4166023394B37002C0327 /* lip_tree_width_stroke.png in Resources */,
				D22D6C812303FE5600DDA0E1 /* newsImage.jpg in Resources */,
				D22D6C7F2303FE5600DDA0E1 /* btn_bg_2.png in Resources */,
				D22D6C842303FE5600DDA0E1 /* Clocks_b.png in Resources */,
			);
			runOnlyForDeploymentPostprocessing = 0;
		};
		D274FD48230304F600485D89 /* Resources */ = {
			isa = PBXResourcesBuildPhase;
			buildActionMask = 2147483647;
			files = (
			);
			runOnlyForDeploymentPostprocessing = 0;
		};
		D274FD53230304F600485D89 /* Resources */ = {
			isa = PBXResourcesBuildPhase;
			buildActionMask = 2147483647;
			files = (
			);
			runOnlyForDeploymentPostprocessing = 0;
		};
/* End PBXResourcesBuildPhase section */

/* Begin PBXShellScriptBuildPhase section */
		D2B749AE232A9403008FC437 /* ShellScript */ = {
			isa = PBXShellScriptBuildPhase;
			buildActionMask = 2147483647;
			files = (
			);
			inputFileListPaths = (
			);
			inputPaths = (
				"$(SRCROOT)/Carthage/Build/iOS/Kingfisher.framework",
			);
			outputFileListPaths = (
			);
			outputPaths = (
				"$(BUILT_PRODUCTS_DIR)/$(FRAMEWORKS_FOLDER_PATH)/Kingfisher.framework\n",
			);
			runOnlyForDeploymentPostprocessing = 0;
			shellPath = /bin/sh;
			shellScript = "# Type a script or drag a script file from your workspace to insert its path.\n/usr/local/bin/carthage copy-frameworks\n";
		};
/* End PBXShellScriptBuildPhase section */

/* Begin PBXSourcesBuildPhase section */
		D274FD32230304F500485D89 /* Sources */ = {
			isa = PBXSourcesBuildPhase;
			buildActionMask = 2147483647;
			files = (
				D22D6CA223041AB500DDA0E1 /* LoginViewController.swift in Sources */,
				D2863CE4230EBD0300393186 /* RootViewController.swift in Sources */,
				D22D6CA623042D4D00DDA0E1 /* AddIdeaViewController.swift in Sources */,
				D274FD3C230304F500485D89 /* ViewController.swift in Sources */,
				D22D6C98230415A700DDA0E1 /* NavigationExtensions.swift in Sources */,
				D2863CDE230DA90900393186 /* AlertController.swift in Sources */,
				D2730EA6230FFCD600714639 /* NewsDetailViewController.swift in Sources */,
				D2B6F4C52334AED600FD0D8A /* AddClaimViewController.swift in Sources */,
				D22D6CAA23084F0F00DDA0E1 /* IdeaClaimMenuViewController.swift in Sources */,
				D274FD3A230304F500485D89 /* AppDelegate.swift in Sources */,
				D22D6C9A2304162000DDA0E1 /* NewsViewController.swift in Sources */,
				D2863CE2230DC08A00393186 /* APIVals.swift in Sources */,
				D22D6C9C230417BC00DDA0E1 /* SidebarLauncher.swift in Sources */,
				D22D6CA0230419DF00DDA0E1 /* IdeasViewController.swift in Sources */,
				D22D6CA423042CB600DDA0E1 /* NewsViewCell.swift in Sources */,
				D22D6C8C2304106D00DDA0E1 /* AccountManager.swift in Sources */,
				D2A9FAB5231260F300BC09CC /* IdeaViewCell.swift in Sources */,
				D22D6CA823083EA800DDA0E1 /* TypePickerView.swift in Sources */,
				D22D6C9E2304181700DDA0E1 /* NavigationMenuViewController.swift in Sources */,
				D2863CE0230DBF8700393186 /* SetContentManager.swift in Sources */,
				D2730EB02310172F00714639 /* GetContentManager.swift in Sources */,
			);
			runOnlyForDeploymentPostprocessing = 0;
		};
		D274FD46230304F600485D89 /* Sources */ = {
			isa = PBXSourcesBuildPhase;
			buildActionMask = 2147483647;
			files = (
				D274FD4F230304F600485D89 /* LipOblRFAppTests.swift in Sources */,
			);
			runOnlyForDeploymentPostprocessing = 0;
		};
		D274FD51230304F600485D89 /* Sources */ = {
			isa = PBXSourcesBuildPhase;
			buildActionMask = 2147483647;
			files = (
				D274FD5A230304F600485D89 /* LipOblRFAppUITests.swift in Sources */,
			);
			runOnlyForDeploymentPostprocessing = 0;
		};
/* End PBXSourcesBuildPhase section */

/* Begin PBXTargetDependency section */
		D274FD4C230304F600485D89 /* PBXTargetDependency */ = {
			isa = PBXTargetDependency;
			target = D274FD35230304F500485D89 /* LipOblRFApp */;
			targetProxy = D274FD4B230304F600485D89 /* PBXContainerItemProxy */;
		};
		D274FD57230304F600485D89 /* PBXTargetDependency */ = {
			isa = PBXTargetDependency;
			target = D274FD35230304F500485D89 /* LipOblRFApp */;
			targetProxy = D274FD56230304F600485D89 /* PBXContainerItemProxy */;
		};
/* End PBXTargetDependency section */

/* Begin PBXVariantGroup section */
		D274FD3D230304F500485D89 /* Main.storyboard */ = {
			isa = PBXVariantGroup;
			children = (
				D274FD3E230304F500485D89 /* Base */,
			);
			name = Main.storyboard;
			sourceTree = "<group>";
		};
		D274FD42230304F600485D89 /* LaunchScreen.storyboard */ = {
			isa = PBXVariantGroup;
			children = (
				D274FD43230304F600485D89 /* Base */,
			);
			name = LaunchScreen.storyboard;
			sourceTree = "<group>";
		};
/* End PBXVariantGroup section */

/* Begin XCBuildConfiguration section */
		D274FD5C230304F600485D89 /* Debug */ = {
			isa = XCBuildConfiguration;
			buildSettings = {
				ALWAYS_SEARCH_USER_PATHS = NO;
				CLANG_ANALYZER_NONNULL = YES;
				CLANG_ANALYZER_NUMBER_OBJECT_CONVERSION = YES_AGGRESSIVE;
				CLANG_CXX_LANGUAGE_STANDARD = "gnu++14";
				CLANG_CXX_LIBRARY = "libc++";
				CLANG_ENABLE_MODULES = YES;
				CLANG_ENABLE_OBJC_ARC = YES;
				CLANG_ENABLE_OBJC_WEAK = YES;
				CLANG_WARN_BLOCK_CAPTURE_AUTORELEASING = YES;
				CLANG_WARN_BOOL_CONVERSION = YES;
				CLANG_WARN_COMMA = YES;
				CLANG_WARN_CONSTANT_CONVERSION = YES;
				CLANG_WARN_DEPRECATED_OBJC_IMPLEMENTATIONS = YES;
				CLANG_WARN_DIRECT_OBJC_ISA_USAGE = YES_ERROR;
				CLANG_WARN_DOCUMENTATION_COMMENTS = YES;
				CLANG_WARN_EMPTY_BODY = YES;
				CLANG_WARN_ENUM_CONVERSION = YES;
				CLANG_WARN_INFINITE_RECURSION = YES;
				CLANG_WARN_INT_CONVERSION = YES;
				CLANG_WARN_NON_LITERAL_NULL_CONVERSION = YES;
				CLANG_WARN_OBJC_IMPLICIT_RETAIN_SELF = YES;
				CLANG_WARN_OBJC_LITERAL_CONVERSION = YES;
				CLANG_WARN_OBJC_ROOT_CLASS = YES_ERROR;
				CLANG_WARN_RANGE_LOOP_ANALYSIS = YES;
				CLANG_WARN_STRICT_PROTOTYPES = YES;
				CLANG_WARN_SUSPICIOUS_MOVE = YES;
				CLANG_WARN_UNGUARDED_AVAILABILITY = YES_AGGRESSIVE;
				CLANG_WARN_UNREACHABLE_CODE = YES;
				CLANG_WARN__DUPLICATE_METHOD_MATCH = YES;
				CODE_SIGN_IDENTITY = "iPhone Developer";
				COPY_PHASE_STRIP = NO;
				DEBUG_INFORMATION_FORMAT = dwarf;
				ENABLE_STRICT_OBJC_MSGSEND = YES;
				ENABLE_TESTABILITY = YES;
				GCC_C_LANGUAGE_STANDARD = gnu11;
				GCC_DYNAMIC_NO_PIC = NO;
				GCC_NO_COMMON_BLOCKS = YES;
				GCC_OPTIMIZATION_LEVEL = 0;
				GCC_PREPROCESSOR_DEFINITIONS = (
					"DEBUG=1",
					"$(inherited)",
				);
				GCC_WARN_64_TO_32_BIT_CONVERSION = YES;
				GCC_WARN_ABOUT_RETURN_TYPE = YES_ERROR;
				GCC_WARN_UNDECLARED_SELECTOR = YES;
				GCC_WARN_UNINITIALIZED_AUTOS = YES_AGGRESSIVE;
				GCC_WARN_UNUSED_FUNCTION = YES;
				GCC_WARN_UNUSED_VARIABLE = YES;
				IPHONEOS_DEPLOYMENT_TARGET = 12.4;
				MTL_ENABLE_DEBUG_INFO = INCLUDE_SOURCE;
				MTL_FAST_MATH = YES;
				ONLY_ACTIVE_ARCH = YES;
				SDKROOT = iphoneos;
				SWIFT_ACTIVE_COMPILATION_CONDITIONS = DEBUG;
				SWIFT_OPTIMIZATION_LEVEL = "-Onone";
			};
			name = Debug;
		};
		D274FD5D230304F600485D89 /* Release */ = {
			isa = XCBuildConfiguration;
			buildSettings = {
				ALWAYS_SEARCH_USER_PATHS = NO;
				CLANG_ANALYZER_NONNULL = YES;
				CLANG_ANALYZER_NUMBER_OBJECT_CONVERSION = YES_AGGRESSIVE;
				CLANG_CXX_LANGUAGE_STANDARD = "gnu++14";
				CLANG_CXX_LIBRARY = "libc++";
				CLANG_ENABLE_MODULES = YES;
				CLANG_ENABLE_OBJC_ARC = YES;
				CLANG_ENABLE_OBJC_WEAK = YES;
				CLANG_WARN_BLOCK_CAPTURE_AUTORELEASING = YES;
				CLANG_WARN_BOOL_CONVERSION = YES;
				CLANG_WARN_COMMA = YES;
				CLANG_WARN_CONSTANT_CONVERSION = YES;
				CLANG_WARN_DEPRECATED_OBJC_IMPLEMENTATIONS = YES;
				CLANG_WARN_DIRECT_OBJC_ISA_USAGE = YES_ERROR;
				CLANG_WARN_DOCUMENTATION_COMMENTS = YES;
				CLANG_WARN_EMPTY_BODY = YES;
				CLANG_WARN_ENUM_CONVERSION = YES;
				CLANG_WARN_INFINITE_RECURSION = YES;
				CLANG_WARN_INT_CONVERSION = YES;
				CLANG_WARN_NON_LITERAL_NULL_CONVERSION = YES;
				CLANG_WARN_OBJC_IMPLICIT_RETAIN_SELF = YES;
				CLANG_WARN_OBJC_LITERAL_CONVERSION = YES;
				CLANG_WARN_OBJC_ROOT_CLASS = YES_ERROR;
				CLANG_WARN_RANGE_LOOP_ANALYSIS = YES;
				CLANG_WARN_STRICT_PROTOTYPES = YES;
				CLANG_WARN_SUSPICIOUS_MOVE = YES;
				CLANG_WARN_UNGUARDED_AVAILABILITY = YES_AGGRESSIVE;
				CLANG_WARN_UNREACHABLE_CODE = YES;
				CLANG_WARN__DUPLICATE_METHOD_MATCH = YES;
				CODE_SIGN_IDENTITY = "iPhone Developer";
				COPY_PHASE_STRIP = NO;
				DEBUG_INFORMATION_FORMAT = "dwarf-with-dsym";
				ENABLE_NS_ASSERTIONS = NO;
				ENABLE_STRICT_OBJC_MSGSEND = YES;
				GCC_C_LANGUAGE_STANDARD = gnu11;
				GCC_NO_COMMON_BLOCKS = YES;
				GCC_WARN_64_TO_32_BIT_CONVERSION = YES;
				GCC_WARN_ABOUT_RETURN_TYPE = YES_ERROR;
				GCC_WARN_UNDECLARED_SELECTOR = YES;
				GCC_WARN_UNINITIALIZED_AUTOS = YES_AGGRESSIVE;
				GCC_WARN_UNUSED_FUNCTION = YES;
				GCC_WARN_UNUSED_VARIABLE = YES;
				IPHONEOS_DEPLOYMENT_TARGET = 12.4;
				MTL_ENABLE_DEBUG_INFO = NO;
				MTL_FAST_MATH = YES;
				SDKROOT = iphoneos;
				SWIFT_COMPILATION_MODE = wholemodule;
				SWIFT_OPTIMIZATION_LEVEL = "-O";
				VALIDATE_PRODUCT = YES;
			};
			name = Release;
		};
		D274FD5F230304F600485D89 /* Debug */ = {
			isa = XCBuildConfiguration;
			buildSettings = {
				ASSETCATALOG_COMPILER_APPICON_NAME = "AppIcon-lipobl";
				CODE_SIGN_STYLE = Automatic;
				DEVELOPMENT_TEAM = 2L25M55KTC;
				FRAMEWORK_SEARCH_PATHS = (
					"$(inherited)",
					"$(PROJECT_DIR)/Carthage/Build/iOS",
				);
				INFOPLIST_FILE = LipOblRFApp/Info.plist;
				IPHONEOS_DEPLOYMENT_TARGET = 12.2;
				LD_RUNPATH_SEARCH_PATHS = (
					"$(inherited)",
					"@executable_path/Frameworks",
				);
				PRODUCT_BUNDLE_IDENTIFIER = ru.itc48.LipOblRFApp;
				PRODUCT_NAME = "$(TARGET_NAME)";
				SWIFT_VERSION = 5.0;
				TARGETED_DEVICE_FAMILY = "1,2";
			};
			name = Debug;
		};
		D274FD60230304F600485D89 /* Release */ = {
			isa = XCBuildConfiguration;
			buildSettings = {
				ASSETCATALOG_COMPILER_APPICON_NAME = "AppIcon-lipobl";
				CODE_SIGN_STYLE = Automatic;
				DEVELOPMENT_TEAM = 2L25M55KTC;
				FRAMEWORK_SEARCH_PATHS = (
					"$(inherited)",
					"$(PROJECT_DIR)/Carthage/Build/iOS",
				);
				INFOPLIST_FILE = LipOblRFApp/Info.plist;
				IPHONEOS_DEPLOYMENT_TARGET = 12.2;
				LD_RUNPATH_SEARCH_PATHS = (
					"$(inherited)",
					"@executable_path/Frameworks",
				);
				PRODUCT_BUNDLE_IDENTIFIER = ru.itc48.LipOblRFApp;
				PRODUCT_NAME = "$(TARGET_NAME)";
				SWIFT_VERSION = 5.0;
				TARGETED_DEVICE_FAMILY = "1,2";
			};
			name = Release;
		};
		D274FD62230304F600485D89 /* Debug */ = {
			isa = XCBuildConfiguration;
			buildSettings = {
				ALWAYS_EMBED_SWIFT_STANDARD_LIBRARIES = YES;
				BUNDLE_LOADER = "$(TEST_HOST)";
				CODE_SIGN_STYLE = Automatic;
				DEVELOPMENT_TEAM = 2L25M55KTC;
				INFOPLIST_FILE = LipOblRFAppTests/Info.plist;
				LD_RUNPATH_SEARCH_PATHS = (
					"$(inherited)",
					"@executable_path/Frameworks",
					"@loader_path/Frameworks",
				);
				PRODUCT_BUNDLE_IDENTIFIER = ru.itc48.LipOblRFAppTests;
				PRODUCT_NAME = "$(TARGET_NAME)";
				SWIFT_VERSION = 5.0;
				TARGETED_DEVICE_FAMILY = "1,2";
				TEST_HOST = "$(BUILT_PRODUCTS_DIR)/LipOblRFApp.app/LipOblRFApp";
			};
			name = Debug;
		};
		D274FD63230304F600485D89 /* Release */ = {
			isa = XCBuildConfiguration;
			buildSettings = {
				ALWAYS_EMBED_SWIFT_STANDARD_LIBRARIES = YES;
				BUNDLE_LOADER = "$(TEST_HOST)";
				CODE_SIGN_STYLE = Automatic;
				DEVELOPMENT_TEAM = 2L25M55KTC;
				INFOPLIST_FILE = LipOblRFAppTests/Info.plist;
				LD_RUNPATH_SEARCH_PATHS = (
					"$(inherited)",
					"@executable_path/Frameworks",
					"@loader_path/Frameworks",
				);
				PRODUCT_BUNDLE_IDENTIFIER = ru.itc48.LipOblRFAppTests;
				PRODUCT_NAME = "$(TARGET_NAME)";
				SWIFT_VERSION = 5.0;
				TARGETED_DEVICE_FAMILY = "1,2";
				TEST_HOST = "$(BUILT_PRODUCTS_DIR)/LipOblRFApp.app/LipOblRFApp";
			};
			name = Release;
		};
		D274FD65230304F600485D89 /* Debug */ = {
			isa = XCBuildConfiguration;
			buildSettings = {
				ALWAYS_EMBED_SWIFT_STANDARD_LIBRARIES = YES;
				CODE_SIGN_STYLE = Automatic;
				DEVELOPMENT_TEAM = 2L25M55KTC;
				INFOPLIST_FILE = LipOblRFAppUITests/Info.plist;
				LD_RUNPATH_SEARCH_PATHS = (
					"$(inherited)",
					"@executable_path/Frameworks",
					"@loader_path/Frameworks",
				);
				PRODUCT_BUNDLE_IDENTIFIER = ru.itc48.LipOblRFAppUITests;
				PRODUCT_NAME = "$(TARGET_NAME)";
				SWIFT_VERSION = 5.0;
				TARGETED_DEVICE_FAMILY = "1,2";
				TEST_TARGET_NAME = LipOblRFApp;
			};
			name = Debug;
		};
		D274FD66230304F600485D89 /* Release */ = {
			isa = XCBuildConfiguration;
			buildSettings = {
				ALWAYS_EMBED_SWIFT_STANDARD_LIBRARIES = YES;
				CODE_SIGN_STYLE = Automatic;
				DEVELOPMENT_TEAM = 2L25M55KTC;
				INFOPLIST_FILE = LipOblRFAppUITests/Info.plist;
				LD_RUNPATH_SEARCH_PATHS = (
					"$(inherited)",
					"@executable_path/Frameworks",
					"@loader_path/Frameworks",
				);
				PRODUCT_BUNDLE_IDENTIFIER = ru.itc48.LipOblRFAppUITests;
				PRODUCT_NAME = "$(TARGET_NAME)";
				SWIFT_VERSION = 5.0;
				TARGETED_DEVICE_FAMILY = "1,2";
				TEST_TARGET_NAME = LipOblRFApp;
			};
			name = Release;
		};
/* End XCBuildConfiguration section */

/* Begin XCConfigurationList section */
		D274FD31230304F500485D89 /* Build configuration list for PBXProject "LipOblRFApp" */ = {
			isa = XCConfigurationList;
			buildConfigurations = (
				D274FD5C230304F600485D89 /* Debug */,
				D274FD5D230304F600485D89 /* Release */,
			);
			defaultConfigurationIsVisible = 0;
			defaultConfigurationName = Release;
		};
		D274FD5E230304F600485D89 /* Build configuration list for PBXNativeTarget "LipOblRFApp" */ = {
			isa = XCConfigurationList;
			buildConfigurations = (
				D274FD5F230304F600485D89 /* Debug */,
				D274FD60230304F600485D89 /* Release */,
			);
			defaultConfigurationIsVisible = 0;
			defaultConfigurationName = Release;
		};
		D274FD61230304F600485D89 /* Build configuration list for PBXNativeTarget "LipOblRFAppTests" */ = {
			isa = XCConfigurationList;
			buildConfigurations = (
				D274FD62230304F600485D89 /* Debug */,
				D274FD63230304F600485D89 /* Release */,
			);
			defaultConfigurationIsVisible = 0;
			defaultConfigurationName = Release;
		};
		D274FD64230304F600485D89 /* Build configuration list for PBXNativeTarget "LipOblRFAppUITests" */ = {
			isa = XCConfigurationList;
			buildConfigurations = (
				D274FD65230304F600485D89 /* Debug */,
				D274FD66230304F600485D89 /* Release */,
			);
			defaultConfigurationIsVisible = 0;
			defaultConfigurationName = Release;
		};
/* End XCConfigurationList section */
	};
	rootObject = D274FD2E230304F500485D89 /* Project object */;
}
