// !$*UTF8*$!
{
	archiveVersion = 1;
	classes = {
	};
	objectVersion = 50;
	objects = {

/* Begin PBXBuildFile section */
		D274FD3A230304F500485D89 /* AppDelegate.swift in Sources */ = {isa = PBXBuildFile; fileRef = D274FD39230304F500485D89 /* AppDelegate.swift */; };
		D274FD3C230304F500485D89 /* ViewController.swift in Sources */ = {isa = PBXBuildFile; fileRef = D274FD3B230304F500485D89 /* ViewController.swift */; };
		D274FD3F230304F500485D89 /* Main.storyboard in Resources */ = {isa = PBXBuildFile; fileRef = D274FD3D230304F500485D89 /* Main.storyboard */; };
		D274FD41230304F600485D89 /* Assets.xcassets in Resources */ = {isa = PBXBuildFile; fileRef = D274FD40230304F600485D89 /* Assets.xcassets */; };
		D274FD44230304F600485D89 /* LaunchScreen.storyboard in Resources */ = {isa = PBXBuildFile; fileRef = D274FD42230304F600485D89 /* LaunchScreen.storyboard */; };
		D274FD4F230304F600485D89 /* LipOblRFAppTests.swift in Sources */ = {isa = PBXBuildFile; fileRef = D274FD4E230304F600485D89 /* LipOblRFAppTests.swift */; };
		D274FD5A230304F600485D89 /* LipOblRFAppUITests.swift in Sources */ = {isa = PBXBuildFile; fileRef = D274FD59230304F600485D89 /* LipOblRFAppUITests.swift */; };
/* End PBXBuildFile section */

/* Begin PBXContainerItemProxy section */
		D274FD4B230304F600485D89 /* PBXContainerItemProxy */ = {
			isa = PBXContainerItemProxy;
			containerPortal = D274FD2E230304F500485D89 /* Project object */;
			proxyType = 1;
			remoteGlobalIDString = D274FD35230304F500485D89;
			remoteInfo = LipOblRFApp;
		};
		D274FD56230304F600485D89 /* PBXContainerItemProxy */ = {
			isa = PBXContainerItemProxy;
			containerPortal = D274FD2E230304F500485D89 /* Project object */;
			proxyType = 1;
			remoteGlobalIDString = D274FD35230304F500485D89;
			remoteInfo = LipOblRFApp;
		};
/* End PBXContainerItemProxy section */

/* Begin PBXFileReference section */
		D274FD36230304F500485D89 /* LipOblRFApp.app */ = {isa = PBXFileReference; explicitFileType = wrapper.application; includeInIndex = 0; path = LipOblRFApp.app; sourceTree = BUILT_PRODUCTS_DIR; };
		D274FD39230304F500485D89 /* AppDelegate.swift */ = {isa = PBXFileReference; lastKnownFileType = sourcecode.swift; path = AppDelegate.swift; sourceTree = "<group>"; };
		D274FD3B230304F500485D89 /* ViewController.swift */ = {isa = PBXFileReference; lastKnownFileType = sourcecode.swift; path = ViewController.swift; sourceTree = "<group>"; };
		D274FD3E230304F500485D89 /* Base */ = {isa = PBXFileReference; lastKnownFileType = file.storyboard; name = Base; path = Base.lproj/Main.storyboard; sourceTree = "<group>"; };
		D274FD40230304F600485D89 /* Assets.xcassets */ = {isa = PBXFileReference; lastKnownFileType = folder.assetcatalog; path = Assets.xcassets; sourceTree = "<group>"; };
		D274FD43230304F600485D89 /* Base */ = {isa = PBXFileReference; lastKnownFileType = file.storyboard; name = Base; path = Base.lproj/LaunchScreen.storyboard; sourceTree = "<group>"; };
		D274FD45230304F600485D89 /* Info.plist */ = {isa = PBXFileReference; lastKnownFileType = text.plist.xml; path = Info.plist; sourceTree = "<group>"; };
		D274FD4A230304F600485D89 /* LipOblRFAppTests.xctest */ = {isa = PBXFileReference; explicitFileType = wrapper.cfbundle; includeInIndex = 0; path = LipOblRFAppTests.xctest; sourceTree = BUILT_PRODUCTS_DIR; };
		D274FD4E230304F600485D89 /* LipOblRFAppTests.swift */ = {isa = PBXFileReference; lastKnownFileType = sourcecode.swift; path = LipOblRFAppTests.swift; sourceTree = "<group>"; };
		D274FD50230304F600485D89 /* Info.plist */ = {isa = PBXFileReference; lastKnownFileType = text.plist.xml; path = Info.plist; sourceTree = "<group>"; };
		D274FD55230304F600485D89 /* LipOblRFAppUITests.xctest */ = {isa = PBXFileReference; explicitFileType = wrapper.cfbundle; includeInIndex = 0; path = LipOblRFAppUITests.xctest; sourceTree = BUILT_PRODUCTS_DIR; };
		D274FD59230304F600485D89 /* LipOblRFAppUITests.swift */ = {isa = PBXFileReference; lastKnownFileType = sourcecode.swift; path = LipOblRFAppUITests.swift; sourceTree = "<group>"; };
		D274FD5B230304F600485D89 /* Info.plist */ = {isa = PBXFileReference; lastKnownFileType = text.plist.xml; path = Info.plist; sourceTree = "<group>"; };
/* End PBXFileReference section */

/* Begin PBXFrameworksBuildPhase section */
		D274FD33230304F500485D89 /* Frameworks */ = {
			isa = PBXFrameworksBuildPhase;
			buildActionMask = 2147483647;
			files = (
			);
			runOnlyForDeploymentPostprocessing = 0;
		};
		D274FD47230304F600485D89 /* Frameworks */ = {
			isa = PBXFrameworksBuildPhase;
			buildActionMask = 2147483647;
			files = (
			);
			runOnlyForDeploymentPostprocessing = 0;
		};
		D274FD52230304F600485D89 /* Frameworks */ = {
			isa = PBXFrameworksBuildPhase;
			buildActionMask = 2147483647;
			files = (
			);
			runOnlyForDeploymentPostprocessing = 0;
		};
/* End PBXFrameworksBuildPhase section */

/* Begin PBXGroup section */
		D274FD2D230304F500485D89 = {
			isa = PBXGroup;
			children = (
				D274FD38230304F500485D89 /* LipOblRFApp */,
				D274FD4D230304F600485D89 /* LipOblRFAppTests */,
				D274FD58230304F600485D89 /* LipOblRFAppUITests */,
				D274FD37230304F500485D89 /* Products */,
			);
			sourceTree = "<group>";
		};
		D274FD37230304F500485D89 /* Products */ = {
			isa = PBXGroup;
			children = (
				D274FD36230304F500485D89 /* LipOblRFApp.app */,
				D274FD4A230304F600485D89 /* LipOblRFAppTests.xctest */,
				D274FD55230304F600485D89 /* LipOblRFAppUITests.xctest */,
			);
			name = Products;
			sourceTree = "<group>";
		};
		D274FD38230304F500485D89 /* LipOblRFApp */ = {
			isa = PBXGroup;
			children = (
				D274FD39230304F500485D89 /* AppDelegate.swift */,
				D274FD3B230304F500485D89 /* ViewController.swift */,
				D274FD3D230304F500485D89 /* Main.storyboard */,
				D274FD40230304F600485D89 /* Assets.xcassets */,
				D274FD42230304F600485D89 /* LaunchScreen.storyboard */,
				D274FD45230304F600485D89 /* Info.plist */,
			);
			path = LipOblRFApp;
			sourceTree = "<group>";
		};
		D274FD4D230304F600485D89 /* LipOblRFAppTests */ = {
			isa = PBXGroup;
			children = (
				D274FD4E230304F600485D89 /* LipOblRFAppTests.swift */,
				D274FD50230304F600485D89 /* Info.plist */,
			);
			path = LipOblRFAppTests;
			sourceTree = "<group>";
		};
		D274FD58230304F600485D89 /* LipOblRFAppUITests */ = {
			isa = PBXGroup;
			children = (
				D274FD59230304F600485D89 /* LipOblRFAppUITests.swift */,
				D274FD5B230304F600485D89 /* Info.plist */,
			);
			path = LipOblRFAppUITests;
			sourceTree = "<group>";
		};
/* End PBXGroup section */

/* Begin PBXNativeTarget section */
		D274FD35230304F500485D89 /* LipOblRFApp */ = {
			isa = PBXNativeTarget;
			buildConfigurationList = D274FD5E230304F600485D89 /* Build configuration list for PBXNativeTarget "LipOblRFApp" */;
			buildPhases = (
				D274FD32230304F500485D89 /* Sources */,
				D274FD33230304F500485D89 /* Frameworks */,
				D274FD34230304F500485D89 /* Resources */,
			);
			buildRules = (
			);
			dependencies = (
			);
			name = LipOblRFApp;
			productName = LipOblRFApp;
			productReference = D274FD36230304F500485D89 /* LipOblRFApp.app */;
			productType = "com.apple.product-type.application";
		};
		D274FD49230304F600485D89 /* LipOblRFAppTests */ = {
			isa = PBXNativeTarget;
			buildConfigurationList = D274FD61230304F600485D89 /* Build configuration list for PBXNativeTarget "LipOblRFAppTests" */;
			buildPhases = (
				D274FD46230304F600485D89 /* Sources */,
				D274FD47230304F600485D89 /* Frameworks */,
				D274FD48230304F600485D89 /* Resources */,
			);
			buildRules = (
			);
			dependencies = (
				D274FD4C230304F600485D89 /* PBXTargetDependency */,
			);
			name = LipOblRFAppTests;
			productName = LipOblRFAppTests;
			productReference = D274FD4A230304F600485D89 /* LipOblRFAppTests.xctest */;
			productType = "com.apple.product-type.bundle.unit-test";
		};
		D274FD54230304F600485D89 /* LipOblRFAppUITests */ = {
			isa = PBXNativeTarget;
			buildConfigurationList = D274FD64230304F600485D89 /* Build configuration list for PBXNativeTarget "LipOblRFAppUITests" */;
			buildPhases = (
				D274FD51230304F600485D89 /* Sources */,
				D274FD52230304F600485D89 /* Frameworks */,
				D274FD53230304F600485D89 /* Resources */,
			);
			buildRules = (
			);
			dependencies = (
				D274FD57230304F600485D89 /* PBXTargetDependency */,
			);
			name = LipOblRFAppUITests;
			productName = LipOblRFAppUITests;
			productReference = D274FD55230304F600485D89 /* LipOblRFAppUITests.xctest */;
			productType = "com.apple.product-type.bundle.ui-testing";
		};
/* End PBXNativeTarget section */

/* Begin PBXProject section */
		D274FD2E230304F500485D89 /* Project object */ = {
			isa = PBXProject;
			attributes = {
				LastSwiftUpdateCheck = 1030;
				LastUpgradeCheck = 1030;
				ORGANIZATIONNAME = "Viatcheslav Avdeev";
				TargetAttributes = {
					D274FD35230304F500485D89 = {
						CreatedOnToolsVersion = 10.3;
					};
					D274FD49230304F600485D89 = {
						CreatedOnToolsVersion = 10.3;
						TestTargetID = D274FD35230304F500485D89;
					};
					D274FD54230304F600485D89 = {
						CreatedOnToolsVersion = 10.3;
						TestTargetID = D274FD35230304F500485D89;
					};
				};
			};
			buildConfigurationList = D274FD31230304F500485D89 /* Build configuration list for PBXProject "LipOblRFApp" */;
			compatibilityVersion = "Xcode 9.3";
			developmentRegion = en;
			hasScannedForEncodings = 0;
			knownRegions = (
				en,
				Base,
			);
			mainGroup = D274FD2D230304F500485D89;
			productRefGroup = D274FD37230304F500485D89 /* Products */;
			projectDirPath = "";
			projectRoot = "";
			targets = (
				D274FD35230304F500485D89 /* LipOblRFApp */,
				D274FD49230304F600485D89 /* LipOblRFAppTests */,
				D274FD54230304F600485D89 /* LipOblRFAppUITests */,
			);
		};
/* End PBXProject section */

/* Begin PBXResourcesBuildPhase section */
		D274FD34230304F500485D89 /* Resources */ = {
			isa = PBXResourcesBuildPhase;
			buildActionMask = 2147483647;
			files = (
				D274FD44230304F600485D89 /* LaunchScreen.storyboard in Resources */,
				D274FD41230304F600485D89 /* Assets.xcassets in Resources */,
				D274FD3F230304F500485D89 /* Main.storyboard in Resources */,
			);
			runOnlyForDeploymentPostprocessing = 0;
		};
		D274FD48230304F600485D89 /* Resources */ = {
			isa = PBXResourcesBuildPhase;
			buildActionMask = 2147483647;
			files = (
			);
			runOnlyForDeploymentPostprocessing = 0;
		};
		D274FD53230304F600485D89 /* Resources */ = {
			isa = PBXResourcesBuildPhase;
			buildActionMask = 2147483647;
			files = (
			);
			runOnlyForDeploymentPostprocessing = 0;
		};
/* End PBXResourcesBuildPhase section */

/* Begin PBXSourcesBuildPhase section */
		D274FD32230304F500485D89 /* Sources */ = {
			isa = PBXSourcesBuildPhase;
			buildActionMask = 2147483647;
			files = (
				D274FD3C230304F500485D89 /* ViewController.swift in Sources */,
				D274FD3A230304F500485D89 /* AppDelegate.swift in Sources */,
			);
			runOnlyForDeploymentPostprocessing = 0;
		};
		D274FD46230304F600485D89 /* Sources */ = {
			isa = PBXSourcesBuildPhase;
			buildActionMask = 2147483647;
			files = (
				D274FD4F230304F600485D89 /* LipOblRFAppTests.swift in Sources */,
			);
			runOnlyForDeploymentPostprocessing = 0;
		};
		D274FD51230304F600485D89 /* Sources */ = {
			isa = PBXSourcesBuildPhase;
			buildActionMask = 2147483647;
			files = (
				D274FD5A230304F600485D89 /* LipOblRFAppUITests.swift in Sources */,
			);
			runOnlyForDeploymentPostprocessing = 0;
		};
/* End PBXSourcesBuildPhase section */

/* Begin PBXTargetDependency section */
		D274FD4C230304F600485D89 /* PBXTargetDependency */ = {
			isa = PBXTargetDependency;
			target = D274FD35230304F500485D89 /* LipOblRFApp */;
			targetProxy = D274FD4B230304F600485D89 /* PBXContainerItemProxy */;
		};
		D274FD57230304F600485D89 /* PBXTargetDependency */ = {
			isa = PBXTargetDependency;
			target = D274FD35230304F500485D89 /* LipOblRFApp */;
			targetProxy = D274FD56230304F600485D89 /* PBXContainerItemProxy */;
		};
/* End PBXTargetDependency section */

/* Begin PBXVariantGroup section */
		D274FD3D230304F500485D89 /* Main.storyboard */ = {
			isa = PBXVariantGroup;
			children = (
				D274FD3E230304F500485D89 /* Base */,
			);
			name = Main.storyboard;
			sourceTree = "<group>";
		};
		D274FD42230304F600485D89 /* LaunchScreen.storyboard */ = {
			isa = PBXVariantGroup;
			children = (
				D274FD43230304F600485D89 /* Base */,
			);
			name = LaunchScreen.storyboard;
			sourceTree = "<group>";
		};
/* End PBXVariantGroup section */

/* Begin XCBuildConfiguration section */
		D274FD5C230304F600485D89 /* Debug */ = {
			isa = XCBuildConfiguration;
			buildSettings = {
				ALWAYS_SEARCH_USER_PATHS = NO;
				CLANG_ANALYZER_NONNULL = YES;
				CLANG_ANALYZER_NUMBER_OBJECT_CONVERSION = YES_AGGRESSIVE;
				CLANG_CXX_LANGUAGE_STANDARD = "gnu++14";
				CLANG_CXX_LIBRARY = "libc++";
				CLANG_ENABLE_MODULES = YES;
				CLANG_ENABLE_OBJC_ARC = YES;
				CLANG_ENABLE_OBJC_WEAK = YES;
				CLANG_WARN_BLOCK_CAPTURE_AUTORELEASING = YES;
				CLANG_WARN_BOOL_CONVERSION = YES;
				CLANG_WARN_COMMA = YES;
				CLANG_WARN_CONSTANT_CONVERSION = YES;
				CLANG_WARN_DEPRECATED_OBJC_IMPLEMENTATIONS = YES;
				CLANG_WARN_DIRECT_OBJC_ISA_USAGE = YES_ERROR;
				CLANG_WARN_DOCUMENTATION_COMMENTS = YES;
				CLANG_WARN_EMPTY_BODY = YES;
				CLANG_WARN_ENUM_CONVERSION = YES;
				CLANG_WARN_INFINITE_RECURSION = YES;
				CLANG_WARN_INT_CONVERSION = YES;
				CLANG_WARN_NON_LITERAL_NULL_CONVERSION = YES;
				CLANG_WARN_OBJC_IMPLICIT_RETAIN_SELF = YES;
				CLANG_WARN_OBJC_LITERAL_CONVERSION = YES;
				CLANG_WARN_OBJC_ROOT_CLASS = YES_ERROR;
				CLANG_WARN_RANGE_LOOP_ANALYSIS = YES;
				CLANG_WARN_STRICT_PROTOTYPES = YES;
				CLANG_WARN_SUSPICIOUS_MOVE = YES;
				CLANG_WARN_UNGUARDED_AVAILABILITY = YES_AGGRESSIVE;
				CLANG_WARN_UNREACHABLE_CODE = YES;
				CLANG_WARN__DUPLICATE_METHOD_MATCH = YES;
				CODE_SIGN_IDENTITY = "iPhone Developer";
				COPY_PHASE_STRIP = NO;
				DEBUG_INFORMATION_FORMAT = dwarf;
				ENABLE_STRICT_OBJC_MSGSEND = YES;
				ENABLE_TESTABILITY = YES;
				GCC_C_LANGUAGE_STANDARD = gnu11;
				GCC_DYNAMIC_NO_PIC = NO;
				GCC_NO_COMMON_BLOCKS = YES;
				GCC_OPTIMIZATION_LEVEL = 0;
				GCC_PREPROCESSOR_DEFINITIONS = (
					"DEBUG=1",
					"$(inherited)",
				);
				GCC_WARN_64_TO_32_BIT_CONVERSION = YES;
				GCC_WARN_ABOUT_RETURN_TYPE = YES_ERROR;
				GCC_WARN_UNDECLARED_SELECTOR = YES;
				GCC_WARN_UNINITIALIZED_AUTOS = YES_AGGRESSIVE;
				GCC_WARN_UNUSED_FUNCTION = YES;
				GCC_WARN_UNUSED_VARIABLE = YES;
				IPHONEOS_DEPLOYMENT_TARGET = 12.4;
				MTL_ENABLE_DEBUG_INFO = INCLUDE_SOURCE;
				MTL_FAST_MATH = YES;
				ONLY_ACTIVE_ARCH = YES;
				SDKROOT = iphoneos;
				SWIFT_ACTIVE_COMPILATION_CONDITIONS = DEBUG;
				SWIFT_OPTIMIZATION_LEVEL = "-Onone";
			};
			name = Debug;
		};
		D274FD5D230304F600485D89 /* Release */ = {
			isa = XCBuildConfiguration;
			buildSettings = {
				ALWAYS_SEARCH_USER_PATHS = NO;
				CLANG_ANALYZER_NONNULL = YES;
				CLANG_ANALYZER_NUMBER_OBJECT_CONVERSION = YES_AGGRESSIVE;
				CLANG_CXX_LANGUAGE_STANDARD = "gnu++14";
				CLANG_CXX_LIBRARY = "libc++";
				CLANG_ENABLE_MODULES = YES;
				CLANG_ENABLE_OBJC_ARC = YES;
				CLANG_ENABLE_OBJC_WEAK = YES;
				CLANG_WARN_BLOCK_CAPTURE_AUTORELEASING = YES;
				CLANG_WARN_BOOL_CONVERSION = YES;
				CLANG_WARN_COMMA = YES;
				CLANG_WARN_CONSTANT_CONVERSION = YES;
				CLANG_WARN_DEPRECATED_OBJC_IMPLEMENTATIONS = YES;
				CLANG_WARN_DIRECT_OBJC_ISA_USAGE = YES_ERROR;
				CLANG_WARN_DOCUMENTATION_COMMENTS = YES;
				CLANG_WARN_EMPTY_BODY = YES;
				CLANG_WARN_ENUM_CONVERSION = YES;
				CLANG_WARN_INFINITE_RECURSION = YES;
				CLANG_WARN_INT_CONVERSION = YES;
				CLANG_WARN_NON_LITERAL_NULL_CONVERSION = YES;
				CLANG_WARN_OBJC_IMPLICIT_RETAIN_SELF = YES;
				CLANG_WARN_OBJC_LITERAL_CONVERSION = YES;
				CLANG_WARN_OBJC_ROOT_CLASS = YES_ERROR;
				CLANG_WARN_RANGE_LOOP_ANALYSIS = YES;
				CLANG_WARN_STRICT_PROTOTYPES = YES;
				CLANG_WARN_SUSPICIOUS_MOVE = YES;
				CLANG_WARN_UNGUARDED_AVAILABILITY = YES_AGGRESSIVE;
				CLANG_WARN_UNREACHABLE_CODE = YES;
				CLANG_WARN__DUPLICATE_METHOD_MATCH = YES;
				CODE_SIGN_IDENTITY = "iPhone Developer";
				COPY_PHASE_STRIP = NO;
				DEBUG_INFORMATION_FORMAT = "dwarf-with-dsym";
				ENABLE_NS_ASSERTIONS = NO;
				ENABLE_STRICT_OBJC_MSGSEND = YES;
				GCC_C_LANGUAGE_STANDARD = gnu11;
				GCC_NO_COMMON_BLOCKS = YES;
				GCC_WARN_64_TO_32_BIT_CONVERSION = YES;
				GCC_WARN_ABOUT_RETURN_TYPE = YES_ERROR;
				GCC_WARN_UNDECLARED_SELECTOR = YES;
				GCC_WARN_UNINITIALIZED_AUTOS = YES_AGGRESSIVE;
				GCC_WARN_UNUSED_FUNCTION = YES;
				GCC_WARN_UNUSED_VARIABLE = YES;
				IPHONEOS_DEPLOYMENT_TARGET = 12.4;
				MTL_ENABLE_DEBUG_INFO = NO;
				MTL_FAST_MATH = YES;
				SDKROOT = iphoneos;
				SWIFT_COMPILATION_MODE = wholemodule;
				SWIFT_OPTIMIZATION_LEVEL = "-O";
				VALIDATE_PRODUCT = YES;
			};
			name = Release;
		};
		D274FD5F230304F600485D89 /* Debug */ = {
			isa = XCBuildConfiguration;
			buildSettings = {
				ASSETCATALOG_COMPILER_APPICON_NAME = AppIcon;
				CODE_SIGN_STYLE = Automatic;
				DEVELOPMENT_TEAM = 2L25M55KTC;
				INFOPLIST_FILE = LipOblRFApp/Info.plist;
				LD_RUNPATH_SEARCH_PATHS = (
					"$(inherited)",
					"@executable_path/Frameworks",
				);
				PRODUCT_BUNDLE_IDENTIFIER = ru.itc48.LipOblRFApp;
				PRODUCT_NAME = "$(TARGET_NAME)";
				SWIFT_VERSION = 5.0;
				TARGETED_DEVICE_FAMILY = "1,2";
			};
			name = Debug;
		};
		D274FD60230304F600485D89 /* Release */ = {
			isa = XCBuildConfiguration;
			buildSettings = {
				ASSETCATALOG_COMPILER_APPICON_NAME = AppIcon;
				CODE_SIGN_STYLE = Automatic;
				DEVELOPMENT_TEAM = 2L25M55KTC;
				INFOPLIST_FILE = LipOblRFApp/Info.plist;
				LD_RUNPATH_SEARCH_PATHS = (
					"$(inherited)",
					"@executable_path/Frameworks",
				);
				PRODUCT_BUNDLE_IDENTIFIER = ru.itc48.LipOblRFApp;
				PRODUCT_NAME = "$(TARGET_NAME)";
				SWIFT_VERSION = 5.0;
				TARGETED_DEVICE_FAMILY = "1,2";
			};
			name = Release;
		};
		D274FD62230304F600485D89 /* Debug */ = {
			isa = XCBuildConfiguration;
			buildSettings = {
				ALWAYS_EMBED_SWIFT_STANDARD_LIBRARIES = YES;
				BUNDLE_LOADER = "$(TEST_HOST)";
				CODE_SIGN_STYLE = Automatic;
				DEVELOPMENT_TEAM = 2L25M55KTC;
				INFOPLIST_FILE = LipOblRFAppTests/Info.plist;
				LD_RUNPATH_SEARCH_PATHS = (
					"$(inherited)",
					"@executable_path/Frameworks",
					"@loader_path/Frameworks",
				);
				PRODUCT_BUNDLE_IDENTIFIER = ru.itc48.LipOblRFAppTests;
				PRODUCT_NAME = "$(TARGET_NAME)";
				SWIFT_VERSION = 5.0;
				TARGETED_DEVICE_FAMILY = "1,2";
				TEST_HOST = "$(BUILT_PRODUCTS_DIR)/LipOblRFApp.app/LipOblRFApp";
			};
			name = Debug;
		};
		D274FD63230304F600485D89 /* Release */ = {
			isa = XCBuildConfiguration;
			buildSettings = {
				ALWAYS_EMBED_SWIFT_STANDARD_LIBRARIES = YES;
				BUNDLE_LOADER = "$(TEST_HOST)";
				CODE_SIGN_STYLE = Automatic;
				DEVELOPMENT_TEAM = 2L25M55KTC;
				INFOPLIST_FILE = LipOblRFAppTests/Info.plist;
				LD_RUNPATH_SEARCH_PATHS = (
					"$(inherited)",
					"@executable_path/Frameworks",
					"@loader_path/Frameworks",
				);
				PRODUCT_BUNDLE_IDENTIFIER = ru.itc48.LipOblRFAppTests;
				PRODUCT_NAME = "$(TARGET_NAME)";
				SWIFT_VERSION = 5.0;
				TARGETED_DEVICE_FAMILY = "1,2";
				TEST_HOST = "$(BUILT_PRODUCTS_DIR)/LipOblRFApp.app/LipOblRFApp";
			};
			name = Release;
		};
		D274FD65230304F600485D89 /* Debug */ = {
			isa = XCBuildConfiguration;
			buildSettings = {
				ALWAYS_EMBED_SWIFT_STANDARD_LIBRARIES = YES;
				CODE_SIGN_STYLE = Automatic;
				DEVELOPMENT_TEAM = 2L25M55KTC;
				INFOPLIST_FILE = LipOblRFAppUITests/Info.plist;
				LD_RUNPATH_SEARCH_PATHS = (
					"$(inherited)",
					"@executable_path/Frameworks",
					"@loader_path/Frameworks",
				);
				PRODUCT_BUNDLE_IDENTIFIER = ru.itc48.LipOblRFAppUITests;
				PRODUCT_NAME = "$(TARGET_NAME)";
				SWIFT_VERSION = 5.0;
				TARGETED_DEVICE_FAMILY = "1,2";
				TEST_TARGET_NAME = LipOblRFApp;
			};
			name = Debug;
		};
		D274FD66230304F600485D89 /* Release */ = {
			isa = XCBuildConfiguration;
			buildSettings = {
				ALWAYS_EMBED_SWIFT_STANDARD_LIBRARIES = YES;
				CODE_SIGN_STYLE = Automatic;
				DEVELOPMENT_TEAM = 2L25M55KTC;
				INFOPLIST_FILE = LipOblRFAppUITests/Info.plist;
				LD_RUNPATH_SEARCH_PATHS = (
					"$(inherited)",
					"@executable_path/Frameworks",
					"@loader_path/Frameworks",
				);
				PRODUCT_BUNDLE_IDENTIFIER = ru.itc48.LipOblRFAppUITests;
				PRODUCT_NAME = "$(TARGET_NAME)";
				SWIFT_VERSION = 5.0;
				TARGETED_DEVICE_FAMILY = "1,2";
				TEST_TARGET_NAME = LipOblRFApp;
			};
			name = Release;
		};
/* End XCBuildConfiguration section */

/* Begin XCConfigurationList section */
		D274FD31230304F500485D89 /* Build configuration list for PBXProject "LipOblRFApp" */ = {
			isa = XCConfigurationList;
			buildConfigurations = (
				D274FD5C230304F600485D89 /* Debug */,
				D274FD5D230304F600485D89 /* Release */,
			);
			defaultConfigurationIsVisible = 0;
			defaultConfigurationName = Release;
		};
		D274FD5E230304F600485D89 /* Build configuration list for PBXNativeTarget "LipOblRFApp" */ = {
			isa = XCConfigurationList;
			buildConfigurations = (
				D274FD5F230304F600485D89 /* Debug */,
				D274FD60230304F600485D89 /* Release */,
			);
			defaultConfigurationIsVisible = 0;
			defaultConfigurationName = Release;
		};
		D274FD61230304F600485D89 /* Build configuration list for PBXNativeTarget "LipOblRFAppTests" */ = {
			isa = XCConfigurationList;
			buildConfigurations = (
				D274FD62230304F600485D89 /* Debug */,
				D274FD63230304F600485D89 /* Release */,
			);
			defaultConfigurationIsVisible = 0;
			defaultConfigurationName = Release;
		};
		D274FD64230304F600485D89 /* Build configuration list for PBXNativeTarget "LipOblRFAppUITests" */ = {
			isa = XCConfigurationList;
			buildConfigurations = (
				D274FD65230304F600485D89 /* Debug */,
				D274FD66230304F600485D89 /* Release */,
			);
			defaultConfigurationIsVisible = 0;
			defaultConfigurationName = Release;
		};
/* End XCConfigurationList section */
	};
	rootObject = D274FD2E230304F500485D89 /* Project object */;
}
